
Microsoft Visual Studio Solution File, Format Version 12.00
# Visual Studio 15
Project("{FAE04EC0-301F-11D3-BF4B-00C04F79EFBC}") = "Microsoft.MixedReality.Toolkit.SDK", "Microsoft.MixedReality.Toolkit.SDK.csproj", "{DB311766-7CF5-898E-D794-7A38D3ED0C34}"
EndProject
Project("{FAE04EC0-301F-11D3-BF4B-00C04F79EFBC}") = "Microsoft.MixedReality.Toolkit.Providers.OpenVR", "Microsoft.MixedReality.Toolkit.Providers.OpenVR.csproj", "{9E2A1009-7125-3B08-8B21-3F9E17BDB116}"
EndProject
Project("{FAE04EC0-301F-11D3-BF4B-00C04F79EFBC}") = "Microsoft.MixedReality.Toolkit", "Microsoft.MixedReality.Toolkit.csproj", "{2B342FB4-F2FC-84B1-1FFB-CB2F6AE5139C}"
EndProject
Project("{FAE04EC0-301F-11D3-BF4B-00C04F79EFBC}") = "Microsoft.MixedReality.Toolkit.Services.SpatialAwarenessSystem", "Microsoft.MixedReality.Toolkit.Services.SpatialAwarenessSystem.csproj", "{2D5386C5-C67C-8CAC-E4AD-AC7AE3C54DE3}"
EndProject
Project("{FAE04EC0-301F-11D3-BF4B-00C04F79EFBC}") = "Microsoft.MixedReality.Toolkit.Gltf", "Microsoft.MixedReality.Toolkit.Gltf.csproj", "{95523D08-714F-5124-18E5-C1AA01D4B28D}"
EndProject
Project("{FAE04EC0-301F-11D3-BF4B-00C04F79EFBC}") = "Microsoft.MixedReality.Toolkit.Services.SceneSystem", "Microsoft.MixedReality.Toolkit.Services.SceneSystem.csproj", "{1CAB2D15-6D84-7F5E-41C0-40ECB9C020A6}"
EndProject
Project("{FAE04EC0-301F-11D3-BF4B-00C04F79EFBC}") = "Microsoft.MixedReality.Toolkit.Services.InputSystem", "Microsoft.MixedReality.Toolkit.Services.InputSystem.csproj", "{B80209C1-266B-9D90-B7D5-5D68734B4045}"
EndProject
Project("{FAE04EC0-301F-11D3-BF4B-00C04F79EFBC}") = "Microsoft.MixedReality.Toolkit.Providers.LeapMotion", "Microsoft.MixedReality.Toolkit.Providers.LeapMotion.csproj", "{8D89CD7E-FB6C-C35A-799E-A9EAC69ADB50}"
EndProject
Project("{FAE04EC0-301F-11D3-BF4B-00C04F79EFBC}") = "Microsoft.MixedReality.Toolkit.Providers.XRSDK.WindowsMixedReality", "Microsoft.MixedReality.Toolkit.Providers.XRSDK.WindowsMixedReality.csproj", "{7291B3CE-AF5E-0F3B-1875-7CE4DF6A89DA}"
EndProject
Project("{FAE04EC0-301F-11D3-BF4B-00C04F79EFBC}") = "Microsoft.MixedReality.Toolkit.Services.InputSimulation", "Microsoft.MixedReality.Toolkit.Services.InputSimulation.csproj", "{F65AF28C-2B42-5C91-F9DF-FC620885470E}"
EndProject
Project("{FAE04EC0-301F-11D3-BF4B-00C04F79EFBC}") = "Microsoft.MixedReality.Toolkit.Providers.UnityAR", "Microsoft.MixedReality.Toolkit.Providers.UnityAR.csproj", "{8AF0243C-5C6A-A768-1FB4-6619924C402A}"
EndProject
Project("{FAE04EC0-301F-11D3-BF4B-00C04F79EFBC}") = "Microsoft.MixedReality.Toolkit.Services.InputAnimation", "Microsoft.MixedReality.Toolkit.Services.InputAnimation.csproj", "{9480D93D-A272-C7DE-E51C-7F4B68B944C0}"
EndProject
Project("{FAE04EC0-301F-11D3-BF4B-00C04F79EFBC}") = "Assembly-CSharp", "Assembly-CSharp.csproj", "{1C86AE20-49B3-0B88-6140-10865AC0B94B}"
EndProject
Project("{FAE04EC0-301F-11D3-BF4B-00C04F79EFBC}") = "Microsoft.MixedReality.Toolkit.Providers.WindowsVoiceInput", "Microsoft.MixedReality.Toolkit.Providers.WindowsVoiceInput.csproj", "{3DD4CDF0-7DFC-4905-AEDB-020BFEE6463F}"
EndProject
Project("{FAE04EC0-301F-11D3-BF4B-00C04F79EFBC}") = "Microsoft.MixedReality.Toolkit.Services.DiagnosticsSystem", "Microsoft.MixedReality.Toolkit.Services.DiagnosticsSystem.csproj", "{4AA02A8E-3253-E33B-68C3-389DAF52B561}"
EndProject
Project("{FAE04EC0-301F-11D3-BF4B-00C04F79EFBC}") = "Microsoft.MixedReality.Toolkit.Async", "Microsoft.MixedReality.Toolkit.Async.csproj", "{AAE70A2E-1CAF-A9BD-004C-0D92A23D6655}"
EndProject
Project("{FAE04EC0-301F-11D3-BF4B-00C04F79EFBC}") = "Microsoft.MixedReality.Toolkit.Providers.WindowsMixedReality", "Microsoft.MixedReality.Toolkit.Providers.WindowsMixedReality.csproj", "{9BA1F2ED-2933-BFBA-085E-8E5362815CB8}"
EndProject
Project("{FAE04EC0-301F-11D3-BF4B-00C04F79EFBC}") = "Microsoft.MixedReality.Toolkit.Providers.WindowsMixedReality.Shared", "Microsoft.MixedReality.Toolkit.Providers.WindowsMixedReality.Shared.csproj", "{96C6FE3E-4603-D4F1-6AF5-A1A630EB4C2B}"
EndProject
Project("{FAE04EC0-301F-11D3-BF4B-00C04F79EFBC}") = "Microsoft.MixedReality.Toolkit.Services.TeleportSystem", "Microsoft.MixedReality.Toolkit.Services.TeleportSystem.csproj", "{6615CB15-29AF-E9AA-A884-FC77FD22431D}"
EndProject
Project("{FAE04EC0-301F-11D3-BF4B-00C04F79EFBC}") = "Microsoft.MixedReality.Toolkit.Providers.XRSDK", "Microsoft.MixedReality.Toolkit.Providers.XRSDK.csproj", "{87F956D9-31C7-C51A-2087-AA8BEE54DDEB}"
EndProject
Project("{FAE04EC0-301F-11D3-BF4B-00C04F79EFBC}") = "Microsoft.MixedReality.Toolkit.Services.CameraSystem", "Microsoft.MixedReality.Toolkit.Services.CameraSystem.csproj", "{C70432C2-9181-2F24-5054-020B5CF9FEF6}"
EndProject
Project("{FAE04EC0-301F-11D3-BF4B-00C04F79EFBC}") = "Microsoft.MixedReality.Toolkit.Services.BoundarySystem", "Microsoft.MixedReality.Toolkit.Services.BoundarySystem.csproj", "{364ACEAE-798F-DFBC-5237-70B422132602}"
EndProject
Project("{FAE04EC0-301F-11D3-BF4B-00C04F79EFBC}") = "Microsoft.MixedReality.Toolkit.SDK.Inspectors", "Microsoft.MixedReality.Toolkit.SDK.Inspectors.csproj", "{3C0E4DCA-9546-28B2-A395-636FC62128FB}"
EndProject
Project("{FAE04EC0-301F-11D3-BF4B-00C04F79EFBC}") = "Microsoft.MixedReality.Toolkit.Editor.Inspectors", "Microsoft.MixedReality.Toolkit.Editor.Inspectors.csproj", "{602D3F6F-E8E6-4C8D-038D-73BD53ECA79B}"
EndProject
Project("{FAE04EC0-301F-11D3-BF4B-00C04F79EFBC}") = "Microsoft.MixedReality.Toolkit.Editor.ServiceInspectors", "Microsoft.MixedReality.Toolkit.Editor.ServiceInspectors.csproj", "{B01FE9A2-65A9-7615-BD0C-59B574B4BF0F}"
EndProject
Project("{FAE04EC0-301F-11D3-BF4B-00C04F79EFBC}") = "Microsoft.MixedReality.Toolkit.SDK.Experimental.Inspectors", "Microsoft.MixedReality.Toolkit.SDK.Experimental.Inspectors.csproj", "{FB8631F1-5E96-AB15-A3C6-42394D123ACB}"
EndProject
Project("{FAE04EC0-301F-11D3-BF4B-00C04F79EFBC}") = "Microsoft.MixedReality.Toolkit.Providers.XRSDK.WindowsMixedReality.Editor", "Microsoft.MixedReality.Toolkit.Providers.XRSDK.WindowsMixedReality.Editor.csproj", "{92E97654-69D4-DB47-72B0-0AB7CCC4619A}"
EndProject
Project("{FAE04EC0-301F-11D3-BF4B-00C04F79EFBC}") = "Microsoft.MixedReality.Toolkit.Editor.Utilities", "Microsoft.MixedReality.Toolkit.Editor.Utilities.csproj", "{B1576F24-0011-5FA4-069D-0773D5211AC7}"
EndProject
Project("{FAE04EC0-301F-11D3-BF4B-00C04F79EFBC}") = "Microsoft.MixedReality.Toolkit.Providers.ObjectMeshObserver", "Microsoft.MixedReality.Toolkit.Providers.ObjectMeshObserver.csproj", "{83328931-2A5F-C5DF-E1FC-11A967BEAECD}"
EndProject
Project("{FAE04EC0-301F-11D3-BF4B-00C04F79EFBC}") = "Microsoft.MixedReality.Toolkit.Editor.ClassExtensions", "Microsoft.MixedReality.Toolkit.Editor.ClassExtensions.csproj", "{CF51FFDE-0D5A-502C-FB17-D13DB475DB7F}"
EndProject
Project("{FAE04EC0-301F-11D3-BF4B-00C04F79EFBC}") = "Microsoft.MixedReality.Toolkit.Gltf.Importers", "Microsoft.MixedReality.Toolkit.Gltf.Importers.csproj", "{A075ECEB-A922-67B6-A51C-B9F6D95C6176}"
EndProject
Project("{FAE04EC0-301F-11D3-BF4B-00C04F79EFBC}") = "Microsoft.MixedReality.Toolkit.Providers.WindowsMixedReality.ConfigCheck", "Microsoft.MixedReality.Toolkit.Providers.WindowsMixedReality.ConfigCheck.csproj", "{6D8726D4-C03C-47FA-F523-3D72A91C2052}"
EndProject
Project("{FAE04EC0-301F-11D3-BF4B-00C04F79EFBC}") = "Microsoft.MixedReality.Toolkit.Providers.LeapMotion.Editor", "Microsoft.MixedReality.Toolkit.Providers.LeapMotion.Editor.csproj", "{B4AF8BB9-FCEF-445D-7FB9-66EB40154EB7}"
EndProject
Project("{FAE04EC0-301F-11D3-BF4B-00C04F79EFBC}") = "Microsoft.MixedReality.Toolkit.Services.InputSimulation.Editor", "Microsoft.MixedReality.Toolkit.Services.InputSimulation.Editor.csproj", "{F7624966-6469-6310-96CF-F42679EAA0CD}"
EndProject
Project("{FAE04EC0-301F-11D3-BF4B-00C04F79EFBC}") = "Microsoft.MixedReality.Toolkit.Editor.BuildAndDeploy", "Microsoft.MixedReality.Toolkit.Editor.BuildAndDeploy.csproj", "{8053434C-8C7B-BF14-A984-414D705A3AFA}"
EndProject
Project("{FAE04EC0-301F-11D3-BF4B-00C04F79EFBC}") = "Microsoft.MixedReality.Toolkit.Providers.LeapMotion.ConfigurationChecker", "Microsoft.MixedReality.Toolkit.Providers.LeapMotion.ConfigurationChecker.csproj", "{84128683-AFA8-47CC-51CF-DA10CC6E5958}"
EndProject
Project("{FAE04EC0-301F-11D3-BF4B-00C04F79EFBC}") = "Microsoft.MixedReality.Toolkit.Providers.UnityAR.ConfigCheck", "Microsoft.MixedReality.Toolkit.Providers.UnityAR.ConfigCheck.csproj", "{4666434A-B9B7-0DAC-CFC1-B276D964E6D1}"
EndProject
Project("{FAE04EC0-301F-11D3-BF4B-00C04F79EFBC}") = "Microsoft.MixedReality.Toolkit.Providers.XRSDK.ConfigCheck", "Microsoft.MixedReality.Toolkit.Providers.XRSDK.ConfigCheck.csproj", "{760F0900-AE8C-BEDF-4E29-0BE7176C7401}"
EndProject
Project("{FAE04EC0-301F-11D3-BF4B-00C04F79EFBC}") = "Microsoft.MixedReality.Toolkit.Providers.UnityAR.Editor", "Microsoft.MixedReality.Toolkit.Providers.UnityAR.Editor.csproj", "{A867486E-9604-3835-B8E5-E6335F51DCAE}"
EndProject
Project("{FAE04EC0-301F-11D3-BF4B-00C04F79EFBC}") = "Microsoft.MixedReality.Toolkit.Providers.WindowsMixedReality.Editor", "Microsoft.MixedReality.Toolkit.Providers.WindowsMixedReality.Editor.csproj", "{BABADC69-8A62-B282-8D16-4611934EBF9C}"
EndProject
Project("{FAE04EC0-301F-11D3-BF4B-00C04F79EFBC}") = "Microsoft.MixedReality.Toolkit.Services.InputSystem.Editor", "Microsoft.MixedReality.Toolkit.Services.InputSystem.Editor.csproj", "{369141F5-D96C-4B44-8620-D7776D984174}"
EndProject
Project("{FAE04EC0-301F-11D3-BF4B-00C04F79EFBC}") = "Microsoft.Windows.MixedReality.DotNetWinRT.Editor", "Microsoft.Windows.MixedReality.DotNetWinRT.Editor.csproj", "{43455C49-DB11-0F90-E9BE-17CC70A8C730}"
EndProject
Global
	GlobalSection(SolutionConfigurationPlatforms) = preSolution
		Debug|Any CPU = Debug|Any CPU
		Release|Any CPU = Release|Any CPU
	EndGlobalSection
	GlobalSection(ProjectConfigurationPlatforms) = postSolution
		{DB311766-7CF5-898E-D794-7A38D3ED0C34}.Debug|Any CPU.ActiveCfg = Debug|Any CPU
		{DB311766-7CF5-898E-D794-7A38D3ED0C34}.Debug|Any CPU.Build.0 = Debug|Any CPU
		{DB311766-7CF5-898E-D794-7A38D3ED0C34}.Release|Any CPU.ActiveCfg = Release|Any CPU
		{DB311766-7CF5-898E-D794-7A38D3ED0C34}.Release|Any CPU.Build.0 = Release|Any CPU
		{9E2A1009-7125-3B08-8B21-3F9E17BDB116}.Debug|Any CPU.ActiveCfg = Debug|Any CPU
		{9E2A1009-7125-3B08-8B21-3F9E17BDB116}.Debug|Any CPU.Build.0 = Debug|Any CPU
		{9E2A1009-7125-3B08-8B21-3F9E17BDB116}.Release|Any CPU.ActiveCfg = Release|Any CPU
		{9E2A1009-7125-3B08-8B21-3F9E17BDB116}.Release|Any CPU.Build.0 = Release|Any CPU
		{2B342FB4-F2FC-84B1-1FFB-CB2F6AE5139C}.Debug|Any CPU.ActiveCfg = Debug|Any CPU
		{2B342FB4-F2FC-84B1-1FFB-CB2F6AE5139C}.Debug|Any CPU.Build.0 = Debug|Any CPU
		{2B342FB4-F2FC-84B1-1FFB-CB2F6AE5139C}.Release|Any CPU.ActiveCfg = Release|Any CPU
		{2B342FB4-F2FC-84B1-1FFB-CB2F6AE5139C}.Release|Any CPU.Build.0 = Release|Any CPU
		{2D5386C5-C67C-8CAC-E4AD-AC7AE3C54DE3}.Debug|Any CPU.ActiveCfg = Debug|Any CPU
		{2D5386C5-C67C-8CAC-E4AD-AC7AE3C54DE3}.Debug|Any CPU.Build.0 = Debug|Any CPU
		{2D5386C5-C67C-8CAC-E4AD-AC7AE3C54DE3}.Release|Any CPU.ActiveCfg = Release|Any CPU
		{2D5386C5-C67C-8CAC-E4AD-AC7AE3C54DE3}.Release|Any CPU.Build.0 = Release|Any CPU
		{95523D08-714F-5124-18E5-C1AA01D4B28D}.Debug|Any CPU.ActiveCfg = Debug|Any CPU
		{95523D08-714F-5124-18E5-C1AA01D4B28D}.Debug|Any CPU.Build.0 = Debug|Any CPU
		{95523D08-714F-5124-18E5-C1AA01D4B28D}.Release|Any CPU.ActiveCfg = Release|Any CPU
		{95523D08-714F-5124-18E5-C1AA01D4B28D}.Release|Any CPU.Build.0 = Release|Any CPU
		{1CAB2D15-6D84-7F5E-41C0-40ECB9C020A6}.Debug|Any CPU.ActiveCfg = Debug|Any CPU
		{1CAB2D15-6D84-7F5E-41C0-40ECB9C020A6}.Debug|Any CPU.Build.0 = Debug|Any CPU
		{1CAB2D15-6D84-7F5E-41C0-40ECB9C020A6}.Release|Any CPU.ActiveCfg = Release|Any CPU
		{1CAB2D15-6D84-7F5E-41C0-40ECB9C020A6}.Release|Any CPU.Build.0 = Release|Any CPU
		{B80209C1-266B-9D90-B7D5-5D68734B4045}.Debug|Any CPU.ActiveCfg = Debug|Any CPU
		{B80209C1-266B-9D90-B7D5-5D68734B4045}.Debug|Any CPU.Build.0 = Debug|Any CPU
		{B80209C1-266B-9D90-B7D5-5D68734B4045}.Release|Any CPU.ActiveCfg = Release|Any CPU
		{B80209C1-266B-9D90-B7D5-5D68734B4045}.Release|Any CPU.Build.0 = Release|Any CPU
		{8D89CD7E-FB6C-C35A-799E-A9EAC69ADB50}.Debug|Any CPU.ActiveCfg = Debug|Any CPU
		{8D89CD7E-FB6C-C35A-799E-A9EAC69ADB50}.Debug|Any CPU.Build.0 = Debug|Any CPU
		{8D89CD7E-FB6C-C35A-799E-A9EAC69ADB50}.Release|Any CPU.ActiveCfg = Release|Any CPU
		{8D89CD7E-FB6C-C35A-799E-A9EAC69ADB50}.Release|Any CPU.Build.0 = Release|Any CPU
		{7291B3CE-AF5E-0F3B-1875-7CE4DF6A89DA}.Debug|Any CPU.ActiveCfg = Debug|Any CPU
		{7291B3CE-AF5E-0F3B-1875-7CE4DF6A89DA}.Debug|Any CPU.Build.0 = Debug|Any CPU
		{7291B3CE-AF5E-0F3B-1875-7CE4DF6A89DA}.Release|Any CPU.ActiveCfg = Release|Any CPU
		{7291B3CE-AF5E-0F3B-1875-7CE4DF6A89DA}.Release|Any CPU.Build.0 = Release|Any CPU
		{F65AF28C-2B42-5C91-F9DF-FC620885470E}.Debug|Any CPU.ActiveCfg = Debug|Any CPU
		{F65AF28C-2B42-5C91-F9DF-FC620885470E}.Debug|Any CPU.Build.0 = Debug|Any CPU
		{F65AF28C-2B42-5C91-F9DF-FC620885470E}.Release|Any CPU.ActiveCfg = Release|Any CPU
		{F65AF28C-2B42-5C91-F9DF-FC620885470E}.Release|Any CPU.Build.0 = Release|Any CPU
		{8AF0243C-5C6A-A768-1FB4-6619924C402A}.Debug|Any CPU.ActiveCfg = Debug|Any CPU
		{8AF0243C-5C6A-A768-1FB4-6619924C402A}.Debug|Any CPU.Build.0 = Debug|Any CPU
		{8AF0243C-5C6A-A768-1FB4-6619924C402A}.Release|Any CPU.ActiveCfg = Release|Any CPU
		{8AF0243C-5C6A-A768-1FB4-6619924C402A}.Release|Any CPU.Build.0 = Release|Any CPU
		{9480D93D-A272-C7DE-E51C-7F4B68B944C0}.Debug|Any CPU.ActiveCfg = Debug|Any CPU
		{9480D93D-A272-C7DE-E51C-7F4B68B944C0}.Debug|Any CPU.Build.0 = Debug|Any CPU
		{9480D93D-A272-C7DE-E51C-7F4B68B944C0}.Release|Any CPU.ActiveCfg = Release|Any CPU
		{9480D93D-A272-C7DE-E51C-7F4B68B944C0}.Release|Any CPU.Build.0 = Release|Any CPU
		{1C86AE20-49B3-0B88-6140-10865AC0B94B}.Debug|Any CPU.ActiveCfg = Debug|Any CPU
		{1C86AE20-49B3-0B88-6140-10865AC0B94B}.Debug|Any CPU.Build.0 = Debug|Any CPU
		{1C86AE20-49B3-0B88-6140-10865AC0B94B}.Release|Any CPU.ActiveCfg = Release|Any CPU
		{1C86AE20-49B3-0B88-6140-10865AC0B94B}.Release|Any CPU.Build.0 = Release|Any CPU
		{3DD4CDF0-7DFC-4905-AEDB-020BFEE6463F}.Debug|Any CPU.ActiveCfg = Debug|Any CPU
		{3DD4CDF0-7DFC-4905-AEDB-020BFEE6463F}.Debug|Any CPU.Build.0 = Debug|Any CPU
		{3DD4CDF0-7DFC-4905-AEDB-020BFEE6463F}.Release|Any CPU.ActiveCfg = Release|Any CPU
		{3DD4CDF0-7DFC-4905-AEDB-020BFEE6463F}.Release|Any CPU.Build.0 = Release|Any CPU
		{4AA02A8E-3253-E33B-68C3-389DAF52B561}.Debug|Any CPU.ActiveCfg = Debug|Any CPU
		{4AA02A8E-3253-E33B-68C3-389DAF52B561}.Debug|Any CPU.Build.0 = Debug|Any CPU
		{4AA02A8E-3253-E33B-68C3-389DAF52B561}.Release|Any CPU.ActiveCfg = Release|Any CPU
		{4AA02A8E-3253-E33B-68C3-389DAF52B561}.Release|Any CPU.Build.0 = Release|Any CPU
		{AAE70A2E-1CAF-A9BD-004C-0D92A23D6655}.Debug|Any CPU.ActiveCfg = Debug|Any CPU
		{AAE70A2E-1CAF-A9BD-004C-0D92A23D6655}.Debug|Any CPU.Build.0 = Debug|Any CPU
		{AAE70A2E-1CAF-A9BD-004C-0D92A23D6655}.Release|Any CPU.ActiveCfg = Release|Any CPU
		{AAE70A2E-1CAF-A9BD-004C-0D92A23D6655}.Release|Any CPU.Build.0 = Release|Any CPU
		{9BA1F2ED-2933-BFBA-085E-8E5362815CB8}.Debug|Any CPU.ActiveCfg = Debug|Any CPU
		{9BA1F2ED-2933-BFBA-085E-8E5362815CB8}.Debug|Any CPU.Build.0 = Debug|Any CPU
		{9BA1F2ED-2933-BFBA-085E-8E5362815CB8}.Release|Any CPU.ActiveCfg = Release|Any CPU
		{9BA1F2ED-2933-BFBA-085E-8E5362815CB8}.Release|Any CPU.Build.0 = Release|Any CPU
		{96C6FE3E-4603-D4F1-6AF5-A1A630EB4C2B}.Debug|Any CPU.ActiveCfg = Debug|Any CPU
		{96C6FE3E-4603-D4F1-6AF5-A1A630EB4C2B}.Debug|Any CPU.Build.0 = Debug|Any CPU
		{96C6FE3E-4603-D4F1-6AF5-A1A630EB4C2B}.Release|Any CPU.ActiveCfg = Release|Any CPU
		{96C6FE3E-4603-D4F1-6AF5-A1A630EB4C2B}.Release|Any CPU.Build.0 = Release|Any CPU
		{6615CB15-29AF-E9AA-A884-FC77FD22431D}.Debug|Any CPU.ActiveCfg = Debug|Any CPU
		{6615CB15-29AF-E9AA-A884-FC77FD22431D}.Debug|Any CPU.Build.0 = Debug|Any CPU
		{6615CB15-29AF-E9AA-A884-FC77FD22431D}.Release|Any CPU.ActiveCfg = Release|Any CPU
		{6615CB15-29AF-E9AA-A884-FC77FD22431D}.Release|Any CPU.Build.0 = Release|Any CPU
		{87F956D9-31C7-C51A-2087-AA8BEE54DDEB}.Debug|Any CPU.ActiveCfg = Debug|Any CPU
		{87F956D9-31C7-C51A-2087-AA8BEE54DDEB}.Debug|Any CPU.Build.0 = Debug|Any CPU
		{87F956D9-31C7-C51A-2087-AA8BEE54DDEB}.Release|Any CPU.ActiveCfg = Release|Any CPU
		{87F956D9-31C7-C51A-2087-AA8BEE54DDEB}.Release|Any CPU.Build.0 = Release|Any CPU
		{C70432C2-9181-2F24-5054-020B5CF9FEF6}.Debug|Any CPU.ActiveCfg = Debug|Any CPU
		{C70432C2-9181-2F24-5054-020B5CF9FEF6}.Debug|Any CPU.Build.0 = Debug|Any CPU
		{C70432C2-9181-2F24-5054-020B5CF9FEF6}.Release|Any CPU.ActiveCfg = Release|Any CPU
		{C70432C2-9181-2F24-5054-020B5CF9FEF6}.Release|Any CPU.Build.0 = Release|Any CPU
		{364ACEAE-798F-DFBC-5237-70B422132602}.Debug|Any CPU.ActiveCfg = Debug|Any CPU
		{364ACEAE-798F-DFBC-5237-70B422132602}.Debug|Any CPU.Build.0 = Debug|Any CPU
		{364ACEAE-798F-DFBC-5237-70B422132602}.Release|Any CPU.ActiveCfg = Release|Any CPU
		{364ACEAE-798F-DFBC-5237-70B422132602}.Release|Any CPU.Build.0 = Release|Any CPU
		{3C0E4DCA-9546-28B2-A395-636FC62128FB}.Debug|Any CPU.ActiveCfg = Debug|Any CPU
		{3C0E4DCA-9546-28B2-A395-636FC62128FB}.Debug|Any CPU.Build.0 = Debug|Any CPU
		{3C0E4DCA-9546-28B2-A395-636FC62128FB}.Release|Any CPU.ActiveCfg = Release|Any CPU
		{3C0E4DCA-9546-28B2-A395-636FC62128FB}.Release|Any CPU.Build.0 = Release|Any CPU
		{602D3F6F-E8E6-4C8D-038D-73BD53ECA79B}.Debug|Any CPU.ActiveCfg = Debug|Any CPU
		{602D3F6F-E8E6-4C8D-038D-73BD53ECA79B}.Debug|Any CPU.Build.0 = Debug|Any CPU
		{602D3F6F-E8E6-4C8D-038D-73BD53ECA79B}.Release|Any CPU.ActiveCfg = Release|Any CPU
		{602D3F6F-E8E6-4C8D-038D-73BD53ECA79B}.Release|Any CPU.Build.0 = Release|Any CPU
		{B01FE9A2-65A9-7615-BD0C-59B574B4BF0F}.Debug|Any CPU.ActiveCfg = Debug|Any CPU
		{B01FE9A2-65A9-7615-BD0C-59B574B4BF0F}.Debug|Any CPU.Build.0 = Debug|Any CPU
		{B01FE9A2-65A9-7615-BD0C-59B574B4BF0F}.Release|Any CPU.ActiveCfg = Release|Any CPU
		{B01FE9A2-65A9-7615-BD0C-59B574B4BF0F}.Release|Any CPU.Build.0 = Release|Any CPU
		{FB8631F1-5E96-AB15-A3C6-42394D123ACB}.Debug|Any CPU.ActiveCfg = Debug|Any CPU
		{FB8631F1-5E96-AB15-A3C6-42394D123ACB}.Debug|Any CPU.Build.0 = Debug|Any CPU
		{FB8631F1-5E96-AB15-A3C6-42394D123ACB}.Release|Any CPU.ActiveCfg = Release|Any CPU
		{FB8631F1-5E96-AB15-A3C6-42394D123ACB}.Release|Any CPU.Build.0 = Release|Any CPU
		{92E97654-69D4-DB47-72B0-0AB7CCC4619A}.Debug|Any CPU.ActiveCfg = Debug|Any CPU
		{92E97654-69D4-DB47-72B0-0AB7CCC4619A}.Debug|Any CPU.Build.0 = Debug|Any CPU
		{92E97654-69D4-DB47-72B0-0AB7CCC4619A}.Release|Any CPU.ActiveCfg = Release|Any CPU
		{92E97654-69D4-DB47-72B0-0AB7CCC4619A}.Release|Any CPU.Build.0 = Release|Any CPU
		{B1576F24-0011-5FA4-069D-0773D5211AC7}.Debug|Any CPU.ActiveCfg = Debug|Any CPU
		{B1576F24-0011-5FA4-069D-0773D5211AC7}.Debug|Any CPU.Build.0 = Debug|Any CPU
		{B1576F24-0011-5FA4-069D-0773D5211AC7}.Release|Any CPU.ActiveCfg = Release|Any CPU
		{B1576F24-0011-5FA4-069D-0773D5211AC7}.Release|Any CPU.Build.0 = Release|Any CPU
		{83328931-2A5F-C5DF-E1FC-11A967BEAECD}.Debug|Any CPU.ActiveCfg = Debug|Any CPU
		{83328931-2A5F-C5DF-E1FC-11A967BEAECD}.Debug|Any CPU.Build.0 = Debug|Any CPU
		{83328931-2A5F-C5DF-E1FC-11A967BEAECD}.Release|Any CPU.ActiveCfg = Release|Any CPU
		{83328931-2A5F-C5DF-E1FC-11A967BEAECD}.Release|Any CPU.Build.0 = Release|Any CPU
		{CF51FFDE-0D5A-502C-FB17-D13DB475DB7F}.Debug|Any CPU.ActiveCfg = Debug|Any CPU
		{CF51FFDE-0D5A-502C-FB17-D13DB475DB7F}.Debug|Any CPU.Build.0 = Debug|Any CPU
		{CF51FFDE-0D5A-502C-FB17-D13DB475DB7F}.Release|Any CPU.ActiveCfg = Release|Any CPU
		{CF51FFDE-0D5A-502C-FB17-D13DB475DB7F}.Release|Any CPU.Build.0 = Release|Any CPU
		{A075ECEB-A922-67B6-A51C-B9F6D95C6176}.Debug|Any CPU.ActiveCfg = Debug|Any CPU
		{A075ECEB-A922-67B6-A51C-B9F6D95C6176}.Debug|Any CPU.Build.0 = Debug|Any CPU
		{A075ECEB-A922-67B6-A51C-B9F6D95C6176}.Release|Any CPU.ActiveCfg = Release|Any CPU
		{A075ECEB-A922-67B6-A51C-B9F6D95C6176}.Release|Any CPU.Build.0 = Release|Any CPU
		{6D8726D4-C03C-47FA-F523-3D72A91C2052}.Debug|Any CPU.ActiveCfg = Debug|Any CPU
		{6D8726D4-C03C-47FA-F523-3D72A91C2052}.Debug|Any CPU.Build.0 = Debug|Any CPU
		{6D8726D4-C03C-47FA-F523-3D72A91C2052}.Release|Any CPU.ActiveCfg = Release|Any CPU
		{6D8726D4-C03C-47FA-F523-3D72A91C2052}.Release|Any CPU.Build.0 = Release|Any CPU
		{B4AF8BB9-FCEF-445D-7FB9-66EB40154EB7}.Debug|Any CPU.ActiveCfg = Debug|Any CPU
		{B4AF8BB9-FCEF-445D-7FB9-66EB40154EB7}.Debug|Any CPU.Build.0 = Debug|Any CPU
		{B4AF8BB9-FCEF-445D-7FB9-66EB40154EB7}.Release|Any CPU.ActiveCfg = Release|Any CPU
		{B4AF8BB9-FCEF-445D-7FB9-66EB40154EB7}.Release|Any CPU.Build.0 = Release|Any CPU
		{F7624966-6469-6310-96CF-F42679EAA0CD}.Debug|Any CPU.ActiveCfg = Debug|Any CPU
		{F7624966-6469-6310-96CF-F42679EAA0CD}.Debug|Any CPU.Build.0 = Debug|Any CPU
		{F7624966-6469-6310-96CF-F42679EAA0CD}.Release|Any CPU.ActiveCfg = Release|Any CPU
		{F7624966-6469-6310-96CF-F42679EAA0CD}.Release|Any CPU.Build.0 = Release|Any CPU
		{8053434C-8C7B-BF14-A984-414D705A3AFA}.Debug|Any CPU.ActiveCfg = Debug|Any CPU
		{8053434C-8C7B-BF14-A984-414D705A3AFA}.Debug|Any CPU.Build.0 = Debug|Any CPU
		{8053434C-8C7B-BF14-A984-414D705A3AFA}.Release|Any CPU.ActiveCfg = Release|Any CPU
		{8053434C-8C7B-BF14-A984-414D705A3AFA}.Release|Any CPU.Build.0 = Release|Any CPU
		{84128683-AFA8-47CC-51CF-DA10CC6E5958}.Debug|Any CPU.ActiveCfg = Debug|Any CPU
		{84128683-AFA8-47CC-51CF-DA10CC6E5958}.Debug|Any CPU.Build.0 = Debug|Any CPU
		{84128683-AFA8-47CC-51CF-DA10CC6E5958}.Release|Any CPU.ActiveCfg = Release|Any CPU
		{84128683-AFA8-47CC-51CF-DA10CC6E5958}.Release|Any CPU.Build.0 = Release|Any CPU
		{4666434A-B9B7-0DAC-CFC1-B276D964E6D1}.Debug|Any CPU.ActiveCfg = Debug|Any CPU
		{4666434A-B9B7-0DAC-CFC1-B276D964E6D1}.Debug|Any CPU.Build.0 = Debug|Any CPU
		{4666434A-B9B7-0DAC-CFC1-B276D964E6D1}.Release|Any CPU.ActiveCfg = Release|Any CPU
		{4666434A-B9B7-0DAC-CFC1-B276D964E6D1}.Release|Any CPU.Build.0 = Release|Any CPU
		{760F0900-AE8C-BEDF-4E29-0BE7176C7401}.Debug|Any CPU.ActiveCfg = Debug|Any CPU
		{760F0900-AE8C-BEDF-4E29-0BE7176C7401}.Debug|Any CPU.Build.0 = Debug|Any CPU
		{760F0900-AE8C-BEDF-4E29-0BE7176C7401}.Release|Any CPU.ActiveCfg = Release|Any CPU
		{760F0900-AE8C-BEDF-4E29-0BE7176C7401}.Release|Any CPU.Build.0 = Release|Any CPU
		{A867486E-9604-3835-B8E5-E6335F51DCAE}.Debug|Any CPU.ActiveCfg = Debug|Any CPU
		{A867486E-9604-3835-B8E5-E6335F51DCAE}.Debug|Any CPU.Build.0 = Debug|Any CPU
		{A867486E-9604-3835-B8E5-E6335F51DCAE}.Release|Any CPU.ActiveCfg = Release|Any CPU
		{A867486E-9604-3835-B8E5-E6335F51DCAE}.Release|Any CPU.Build.0 = Release|Any CPU
		{BABADC69-8A62-B282-8D16-4611934EBF9C}.Debug|Any CPU.ActiveCfg = Debug|Any CPU
		{BABADC69-8A62-B282-8D16-4611934EBF9C}.Debug|Any CPU.Build.0 = Debug|Any CPU
		{BABADC69-8A62-B282-8D16-4611934EBF9C}.Release|Any CPU.ActiveCfg = Release|Any CPU
		{BABADC69-8A62-B282-8D16-4611934EBF9C}.Release|Any CPU.Build.0 = Release|Any CPU
		{369141F5-D96C-4B44-8620-D7776D984174}.Debug|Any CPU.ActiveCfg = Debug|Any CPU
		{369141F5-D96C-4B44-8620-D7776D984174}.Debug|Any CPU.Build.0 = Debug|Any CPU
		{369141F5-D96C-4B44-8620-D7776D984174}.Release|Any CPU.ActiveCfg = Release|Any CPU
		{369141F5-D96C-4B44-8620-D7776D984174}.Release|Any CPU.Build.0 = Release|Any CPU
		{43455C49-DB11-0F90-E9BE-17CC70A8C730}.Debug|Any CPU.ActiveCfg = Debug|Any CPU
		{43455C49-DB11-0F90-E9BE-17CC70A8C730}.Debug|Any CPU.Build.0 = Debug|Any CPU
		{43455C49-DB11-0F90-E9BE-17CC70A8C730}.Release|Any CPU.ActiveCfg = Release|Any CPU
		{43455C49-DB11-0F90-E9BE-17CC70A8C730}.Release|Any CPU.Build.0 = Release|Any CPU
	EndGlobalSection
	GlobalSection(SolutionProperties) = preSolution
		HideSolutionNode = FALSE
	EndGlobalSection
EndGlobal
