
Microsoft Visual Studio Solution File, Format Version 12.00
# Visual Studio 15
Project("{FAE04EC0-301F-11D3-BF4B-00C04F79EFBC}") = "Microsoft.MixedReality.Toolkit.SDK", "Microsoft.MixedReality.Toolkit.SDK.csproj", "{AB1F5975-F988-3A3D-9EAD-E22A197CA1BE}"
EndProject
Project("{FAE04EC0-301F-11D3-BF4B-00C04F79EFBC}") = "Microsoft.MixedReality.Toolkit.Providers.OpenVR", "Microsoft.MixedReality.Toolkit.Providers.OpenVR.csproj", "{52A42DA6-ECC5-F11A-DE04-A1DBB85DAF60}"
EndProject
Project("{FAE04EC0-301F-11D3-BF4B-00C04F79EFBC}") = "Microsoft.MixedReality.Toolkit", "Microsoft.MixedReality.Toolkit.csproj", "{D70CEEC6-901C-0C34-FA3B-B67AB763D87A}"
EndProject
Project("{FAE04EC0-301F-11D3-BF4B-00C04F79EFBC}") = "Microsoft.MixedReality.Toolkit.Services.SpatialAwarenessSystem", "Microsoft.MixedReality.Toolkit.Services.SpatialAwarenessSystem.csproj", "{4C070480-B3F9-1E4F-FE2D-CBFC075AAC43}"
EndProject
Project("{FAE04EC0-301F-11D3-BF4B-00C04F79EFBC}") = "Microsoft.MixedReality.Toolkit.Gltf", "Microsoft.MixedReality.Toolkit.Gltf.csproj", "{FDBD1513-D082-3A56-343B-FE0A7FD88E7F}"
EndProject
Project("{FAE04EC0-301F-11D3-BF4B-00C04F79EFBC}") = "Microsoft.MixedReality.Toolkit.Services.SceneSystem", "Microsoft.MixedReality.Toolkit.Services.SceneSystem.csproj", "{A0B87A7D-72D2-C602-975B-EFC0DA6B9F70}"
EndProject
Project("{FAE04EC0-301F-11D3-BF4B-00C04F79EFBC}") = "Microsoft.MixedReality.Toolkit.Services.InputSystem", "Microsoft.MixedReality.Toolkit.Services.InputSystem.csproj", "{7A032223-A783-6BC9-E21D-D3C5DF171830}"
EndProject
Project("{FAE04EC0-301F-11D3-BF4B-00C04F79EFBC}") = "Microsoft.MixedReality.Toolkit.Providers.LeapMotion", "Microsoft.MixedReality.Toolkit.Providers.LeapMotion.csproj", "{5BB0883E-11E1-CA74-01F6-4290115BCEDC}"
EndProject
Project("{FAE04EC0-301F-11D3-BF4B-00C04F79EFBC}") = "Microsoft.MixedReality.Toolkit.Providers.XRSDK.WindowsMixedReality", "Microsoft.MixedReality.Toolkit.Providers.XRSDK.WindowsMixedReality.csproj", "{6E3C9880-833F-B8A8-53FB-D23872228ACC}"
EndProject
Project("{FAE04EC0-301F-11D3-BF4B-00C04F79EFBC}") = "Microsoft.MixedReality.Toolkit.Services.InputSimulation", "Microsoft.MixedReality.Toolkit.Services.InputSimulation.csproj", "{75E7218A-8442-217C-3CC3-224DC178801C}"
EndProject
Project("{FAE04EC0-301F-11D3-BF4B-00C04F79EFBC}") = "Microsoft.MixedReality.Toolkit.Providers.UnityAR", "Microsoft.MixedReality.Toolkit.Providers.UnityAR.csproj", "{1D67B39F-6615-F39D-F709-408143648ED2}"
EndProject
Project("{FAE04EC0-301F-11D3-BF4B-00C04F79EFBC}") = "Microsoft.MixedReality.Toolkit.Services.InputAnimation", "Microsoft.MixedReality.Toolkit.Services.InputAnimation.csproj", "{47F66137-7A82-0027-1217-8B2A6155E207}"
EndProject
Project("{FAE04EC0-301F-11D3-BF4B-00C04F79EFBC}") = "Assembly-CSharp", "Assembly-CSharp.csproj", "{0C7394AC-BC20-D56E-F7B3-75721DD18556}"
EndProject
Project("{FAE04EC0-301F-11D3-BF4B-00C04F79EFBC}") = "Microsoft.MixedReality.Toolkit.Providers.WindowsVoiceInput", "Microsoft.MixedReality.Toolkit.Providers.WindowsVoiceInput.csproj", "{87E4B8A4-ED54-B37F-1712-F6E2AC700D9B}"
EndProject
Project("{FAE04EC0-301F-11D3-BF4B-00C04F79EFBC}") = "Microsoft.MixedReality.Toolkit.Services.DiagnosticsSystem", "Microsoft.MixedReality.Toolkit.Services.DiagnosticsSystem.csproj", "{0A18B876-20F3-EE2D-3937-F67E25241FD5}"
EndProject
Project("{FAE04EC0-301F-11D3-BF4B-00C04F79EFBC}") = "Microsoft.MixedReality.Toolkit.Async", "Microsoft.MixedReality.Toolkit.Async.csproj", "{D042F33A-35A8-83B2-1045-CAEF023350DC}"
EndProject
Project("{FAE04EC0-301F-11D3-BF4B-00C04F79EFBC}") = "Microsoft.MixedReality.Toolkit.Providers.WindowsMixedReality", "Microsoft.MixedReality.Toolkit.Providers.WindowsMixedReality.csproj", "{04B8944C-A169-E223-CF0E-016216BF0938}"
EndProject
Project("{FAE04EC0-301F-11D3-BF4B-00C04F79EFBC}") = "Microsoft.MixedReality.Toolkit.Providers.WindowsMixedReality.Shared", "Microsoft.MixedReality.Toolkit.Providers.WindowsMixedReality.Shared.csproj", "{C2E3EDBE-7346-401C-5285-DC20011EA496}"
EndProject
Project("{FAE04EC0-301F-11D3-BF4B-00C04F79EFBC}") = "Microsoft.MixedReality.Toolkit.Services.TeleportSystem", "Microsoft.MixedReality.Toolkit.Services.TeleportSystem.csproj", "{6F0C7AF9-42DC-3A1C-FB5B-21CBA85AECE7}"
EndProject
Project("{FAE04EC0-301F-11D3-BF4B-00C04F79EFBC}") = "Microsoft.MixedReality.Toolkit.Providers.XRSDK", "Microsoft.MixedReality.Toolkit.Providers.XRSDK.csproj", "{49579BDA-FDC6-BFD0-E963-418F9D4454F0}"
EndProject
Project("{FAE04EC0-301F-11D3-BF4B-00C04F79EFBC}") = "Microsoft.MixedReality.Toolkit.Services.CameraSystem", "Microsoft.MixedReality.Toolkit.Services.CameraSystem.csproj", "{6BB5023A-B5CF-73B6-77C4-BBB504E03FF5}"
EndProject
Project("{FAE04EC0-301F-11D3-BF4B-00C04F79EFBC}") = "Microsoft.MixedReality.Toolkit.Services.BoundarySystem", "Microsoft.MixedReality.Toolkit.Services.BoundarySystem.csproj", "{285362F2-53A6-F254-D104-595C4BA40C44}"
EndProject
Project("{FAE04EC0-301F-11D3-BF4B-00C04F79EFBC}") = "Microsoft.MixedReality.Toolkit.SDK.Inspectors", "Microsoft.MixedReality.Toolkit.SDK.Inspectors.csproj", "{D1472F2F-EFAF-1D5A-F526-3E1D42691716}"
EndProject
Project("{FAE04EC0-301F-11D3-BF4B-00C04F79EFBC}") = "Microsoft.MixedReality.Toolkit.Editor.Inspectors", "Microsoft.MixedReality.Toolkit.Editor.Inspectors.csproj", "{7BDE07AD-322A-7344-233A-5C90F13C3828}"
EndProject
Project("{FAE04EC0-301F-11D3-BF4B-00C04F79EFBC}") = "Microsoft.MixedReality.Toolkit.Editor.ServiceInspectors", "Microsoft.MixedReality.Toolkit.Editor.ServiceInspectors.csproj", "{D67AC257-65AD-C387-9156-164A413F7FE5}"
EndProject
Project("{FAE04EC0-301F-11D3-BF4B-00C04F79EFBC}") = "Microsoft.MixedReality.Toolkit.SDK.Experimental.Inspectors", "Microsoft.MixedReality.Toolkit.SDK.Experimental.Inspectors.csproj", "{1D01C9E6-3F65-CD56-4B51-EAE4DA5CE500}"
EndProject
Project("{FAE04EC0-301F-11D3-BF4B-00C04F79EFBC}") = "Microsoft.MixedReality.Toolkit.Providers.XRSDK.WindowsMixedReality.Editor", "Microsoft.MixedReality.Toolkit.Providers.XRSDK.WindowsMixedReality.Editor.csproj", "{C0073999-D144-7BA4-2AA1-527F4218FBB7}"
EndProject
Project("{FAE04EC0-301F-11D3-BF4B-00C04F79EFBC}") = "Microsoft.MixedReality.Toolkit.Editor.Utilities", "Microsoft.MixedReality.Toolkit.Editor.Utilities.csproj", "{BD37290C-7B64-2C95-8863-4C5DC166A8C1}"
EndProject
Project("{FAE04EC0-301F-11D3-BF4B-00C04F79EFBC}") = "Microsoft.MixedReality.Toolkit.Providers.ObjectMeshObserver", "Microsoft.MixedReality.Toolkit.Providers.ObjectMeshObserver.csproj", "{462949C4-4E55-B245-F7C5-7CE1CC3D57A1}"
EndProject
Project("{FAE04EC0-301F-11D3-BF4B-00C04F79EFBC}") = "Microsoft.MixedReality.Toolkit.Editor.ClassExtensions", "Microsoft.MixedReality.Toolkit.Editor.ClassExtensions.csproj", "{2D83E50C-03BE-CA55-2E31-C3B4FABD839E}"
EndProject
Project("{FAE04EC0-301F-11D3-BF4B-00C04F79EFBC}") = "Microsoft.MixedReality.Toolkit.Gltf.Importers", "Microsoft.MixedReality.Toolkit.Gltf.Importers.csproj", "{281BA073-5490-3939-C235-243FA4302E22}"
EndProject
Project("{FAE04EC0-301F-11D3-BF4B-00C04F79EFBC}") = "Microsoft.MixedReality.Toolkit.Providers.WindowsMixedReality.ConfigCheck", "Microsoft.MixedReality.Toolkit.Providers.WindowsMixedReality.ConfigCheck.csproj", "{A2043AA1-2A41-4A4E-A872-DD47BEA0A269}"
EndProject
Project("{FAE04EC0-301F-11D3-BF4B-00C04F79EFBC}") = "Microsoft.MixedReality.Toolkit.Providers.LeapMotion.Editor", "Microsoft.MixedReality.Toolkit.Providers.LeapMotion.Editor.csproj", "{55B7DA26-4EA9-5BE7-B652-D6B72CD0FF80}"
EndProject
Project("{FAE04EC0-301F-11D3-BF4B-00C04F79EFBC}") = "Microsoft.MixedReality.Toolkit.Services.InputSimulation.Editor", "Microsoft.MixedReality.Toolkit.Services.InputSimulation.Editor.csproj", "{0A35246D-221C-EF51-D18D-6571B527D46F}"
EndProject
Project("{FAE04EC0-301F-11D3-BF4B-00C04F79EFBC}") = "Microsoft.MixedReality.Toolkit.Editor.BuildAndDeploy", "Microsoft.MixedReality.Toolkit.Editor.BuildAndDeploy.csproj", "{0C299D92-FAB4-59A0-1F94-FEBD30725711}"
EndProject
Project("{FAE04EC0-301F-11D3-BF4B-00C04F79EFBC}") = "Microsoft.MixedReality.Toolkit.Providers.LeapMotion.ConfigurationChecker", "Microsoft.MixedReality.Toolkit.Providers.LeapMotion.ConfigurationChecker.csproj", "{754C4B68-4C7C-1C0E-4F91-1E4DAB75D604}"
EndProject
Project("{FAE04EC0-301F-11D3-BF4B-00C04F79EFBC}") = "Microsoft.MixedReality.Toolkit.Providers.UnityAR.ConfigCheck", "Microsoft.MixedReality.Toolkit.Providers.UnityAR.ConfigCheck.csproj", "{6A9EB186-56C7-7B87-94FA-E77ECB22C0B2}"
EndProject
Project("{FAE04EC0-301F-11D3-BF4B-00C04F79EFBC}") = "Microsoft.MixedReality.Toolkit.Providers.XRSDK.ConfigCheck", "Microsoft.MixedReality.Toolkit.Providers.XRSDK.ConfigCheck.csproj", "{01C869D2-28BD-022A-D853-B8CEF4BDFDCB}"
EndProject
Project("{FAE04EC0-301F-11D3-BF4B-00C04F79EFBC}") = "Microsoft.MixedReality.Toolkit.Providers.UnityAR.Editor", "Microsoft.MixedReality.Toolkit.Providers.UnityAR.Editor.csproj", "{CFA0C139-EDAF-44DD-7FF7-54F5CC72F613}"
EndProject
Project("{FAE04EC0-301F-11D3-BF4B-00C04F79EFBC}") = "Microsoft.MixedReality.Toolkit.Providers.WindowsMixedReality.Editor", "Microsoft.MixedReality.Toolkit.Providers.WindowsMixedReality.Editor.csproj", "{FA62C848-57AE-9A2F-C615-788636D0BFF0}"
EndProject
Project("{FAE04EC0-301F-11D3-BF4B-00C04F79EFBC}") = "Microsoft.MixedReality.Toolkit.Services.InputSystem.Editor", "Microsoft.MixedReality.Toolkit.Services.InputSystem.Editor.csproj", "{4147197C-E514-A206-1A46-CE940961D716}"
EndProject
Project("{FAE04EC0-301F-11D3-BF4B-00C04F79EFBC}") = "Microsoft.Windows.MixedReality.DotNetWinRT.Editor", "Microsoft.Windows.MixedReality.DotNetWinRT.Editor.csproj", "{615AF127-EAAD-1BAD-973A-A350C1D71587}"
EndProject
Global
	GlobalSection(SolutionConfigurationPlatforms) = preSolution
		Debug|Any CPU = Debug|Any CPU
		Release|Any CPU = Release|Any CPU
	EndGlobalSection
	GlobalSection(ProjectConfigurationPlatforms) = postSolution
		{AB1F5975-F988-3A3D-9EAD-E22A197CA1BE}.Debug|Any CPU.ActiveCfg = Debug|Any CPU
		{AB1F5975-F988-3A3D-9EAD-E22A197CA1BE}.Debug|Any CPU.Build.0 = Debug|Any CPU
		{AB1F5975-F988-3A3D-9EAD-E22A197CA1BE}.Release|Any CPU.ActiveCfg = Release|Any CPU
		{AB1F5975-F988-3A3D-9EAD-E22A197CA1BE}.Release|Any CPU.Build.0 = Release|Any CPU
		{52A42DA6-ECC5-F11A-DE04-A1DBB85DAF60}.Debug|Any CPU.ActiveCfg = Debug|Any CPU
		{52A42DA6-ECC5-F11A-DE04-A1DBB85DAF60}.Debug|Any CPU.Build.0 = Debug|Any CPU
		{52A42DA6-ECC5-F11A-DE04-A1DBB85DAF60}.Release|Any CPU.ActiveCfg = Release|Any CPU
		{52A42DA6-ECC5-F11A-DE04-A1DBB85DAF60}.Release|Any CPU.Build.0 = Release|Any CPU
		{D70CEEC6-901C-0C34-FA3B-B67AB763D87A}.Debug|Any CPU.ActiveCfg = Debug|Any CPU
		{D70CEEC6-901C-0C34-FA3B-B67AB763D87A}.Debug|Any CPU.Build.0 = Debug|Any CPU
		{D70CEEC6-901C-0C34-FA3B-B67AB763D87A}.Release|Any CPU.ActiveCfg = Release|Any CPU
		{D70CEEC6-901C-0C34-FA3B-B67AB763D87A}.Release|Any CPU.Build.0 = Release|Any CPU
		{4C070480-B3F9-1E4F-FE2D-CBFC075AAC43}.Debug|Any CPU.ActiveCfg = Debug|Any CPU
		{4C070480-B3F9-1E4F-FE2D-CBFC075AAC43}.Debug|Any CPU.Build.0 = Debug|Any CPU
		{4C070480-B3F9-1E4F-FE2D-CBFC075AAC43}.Release|Any CPU.ActiveCfg = Release|Any CPU
		{4C070480-B3F9-1E4F-FE2D-CBFC075AAC43}.Release|Any CPU.Build.0 = Release|Any CPU
		{FDBD1513-D082-3A56-343B-FE0A7FD88E7F}.Debug|Any CPU.ActiveCfg = Debug|Any CPU
		{FDBD1513-D082-3A56-343B-FE0A7FD88E7F}.Debug|Any CPU.Build.0 = Debug|Any CPU
		{FDBD1513-D082-3A56-343B-FE0A7FD88E7F}.Release|Any CPU.ActiveCfg = Release|Any CPU
		{FDBD1513-D082-3A56-343B-FE0A7FD88E7F}.Release|Any CPU.Build.0 = Release|Any CPU
		{A0B87A7D-72D2-C602-975B-EFC0DA6B9F70}.Debug|Any CPU.ActiveCfg = Debug|Any CPU
		{A0B87A7D-72D2-C602-975B-EFC0DA6B9F70}.Debug|Any CPU.Build.0 = Debug|Any CPU
		{A0B87A7D-72D2-C602-975B-EFC0DA6B9F70}.Release|Any CPU.ActiveCfg = Release|Any CPU
		{A0B87A7D-72D2-C602-975B-EFC0DA6B9F70}.Release|Any CPU.Build.0 = Release|Any CPU
		{7A032223-A783-6BC9-E21D-D3C5DF171830}.Debug|Any CPU.ActiveCfg = Debug|Any CPU
		{7A032223-A783-6BC9-E21D-D3C5DF171830}.Debug|Any CPU.Build.0 = Debug|Any CPU
		{7A032223-A783-6BC9-E21D-D3C5DF171830}.Release|Any CPU.ActiveCfg = Release|Any CPU
		{7A032223-A783-6BC9-E21D-D3C5DF171830}.Release|Any CPU.Build.0 = Release|Any CPU
		{5BB0883E-11E1-CA74-01F6-4290115BCEDC}.Debug|Any CPU.ActiveCfg = Debug|Any CPU
		{5BB0883E-11E1-CA74-01F6-4290115BCEDC}.Debug|Any CPU.Build.0 = Debug|Any CPU
		{5BB0883E-11E1-CA74-01F6-4290115BCEDC}.Release|Any CPU.ActiveCfg = Release|Any CPU
		{5BB0883E-11E1-CA74-01F6-4290115BCEDC}.Release|Any CPU.Build.0 = Release|Any CPU
		{6E3C9880-833F-B8A8-53FB-D23872228ACC}.Debug|Any CPU.ActiveCfg = Debug|Any CPU
		{6E3C9880-833F-B8A8-53FB-D23872228ACC}.Debug|Any CPU.Build.0 = Debug|Any CPU
		{6E3C9880-833F-B8A8-53FB-D23872228ACC}.Release|Any CPU.ActiveCfg = Release|Any CPU
		{6E3C9880-833F-B8A8-53FB-D23872228ACC}.Release|Any CPU.Build.0 = Release|Any CPU
		{75E7218A-8442-217C-3CC3-224DC178801C}.Debug|Any CPU.ActiveCfg = Debug|Any CPU
		{75E7218A-8442-217C-3CC3-224DC178801C}.Debug|Any CPU.Build.0 = Debug|Any CPU
		{75E7218A-8442-217C-3CC3-224DC178801C}.Release|Any CPU.ActiveCfg = Release|Any CPU
		{75E7218A-8442-217C-3CC3-224DC178801C}.Release|Any CPU.Build.0 = Release|Any CPU
		{1D67B39F-6615-F39D-F709-408143648ED2}.Debug|Any CPU.ActiveCfg = Debug|Any CPU
		{1D67B39F-6615-F39D-F709-408143648ED2}.Debug|Any CPU.Build.0 = Debug|Any CPU
		{1D67B39F-6615-F39D-F709-408143648ED2}.Release|Any CPU.ActiveCfg = Release|Any CPU
		{1D67B39F-6615-F39D-F709-408143648ED2}.Release|Any CPU.Build.0 = Release|Any CPU
		{47F66137-7A82-0027-1217-8B2A6155E207}.Debug|Any CPU.ActiveCfg = Debug|Any CPU
		{47F66137-7A82-0027-1217-8B2A6155E207}.Debug|Any CPU.Build.0 = Debug|Any CPU
		{47F66137-7A82-0027-1217-8B2A6155E207}.Release|Any CPU.ActiveCfg = Release|Any CPU
		{47F66137-7A82-0027-1217-8B2A6155E207}.Release|Any CPU.Build.0 = Release|Any CPU
		{0C7394AC-BC20-D56E-F7B3-75721DD18556}.Debug|Any CPU.ActiveCfg = Debug|Any CPU
		{0C7394AC-BC20-D56E-F7B3-75721DD18556}.Debug|Any CPU.Build.0 = Debug|Any CPU
		{0C7394AC-BC20-D56E-F7B3-75721DD18556}.Release|Any CPU.ActiveCfg = Release|Any CPU
		{0C7394AC-BC20-D56E-F7B3-75721DD18556}.Release|Any CPU.Build.0 = Release|Any CPU
		{87E4B8A4-ED54-B37F-1712-F6E2AC700D9B}.Debug|Any CPU.ActiveCfg = Debug|Any CPU
		{87E4B8A4-ED54-B37F-1712-F6E2AC700D9B}.Debug|Any CPU.Build.0 = Debug|Any CPU
		{87E4B8A4-ED54-B37F-1712-F6E2AC700D9B}.Release|Any CPU.ActiveCfg = Release|Any CPU
		{87E4B8A4-ED54-B37F-1712-F6E2AC700D9B}.Release|Any CPU.Build.0 = Release|Any CPU
		{0A18B876-20F3-EE2D-3937-F67E25241FD5}.Debug|Any CPU.ActiveCfg = Debug|Any CPU
		{0A18B876-20F3-EE2D-3937-F67E25241FD5}.Debug|Any CPU.Build.0 = Debug|Any CPU
		{0A18B876-20F3-EE2D-3937-F67E25241FD5}.Release|Any CPU.ActiveCfg = Release|Any CPU
		{0A18B876-20F3-EE2D-3937-F67E25241FD5}.Release|Any CPU.Build.0 = Release|Any CPU
		{D042F33A-35A8-83B2-1045-CAEF023350DC}.Debug|Any CPU.ActiveCfg = Debug|Any CPU
		{D042F33A-35A8-83B2-1045-CAEF023350DC}.Debug|Any CPU.Build.0 = Debug|Any CPU
		{D042F33A-35A8-83B2-1045-CAEF023350DC}.Release|Any CPU.ActiveCfg = Release|Any CPU
		{D042F33A-35A8-83B2-1045-CAEF023350DC}.Release|Any CPU.Build.0 = Release|Any CPU
		{04B8944C-A169-E223-CF0E-016216BF0938}.Debug|Any CPU.ActiveCfg = Debug|Any CPU
		{04B8944C-A169-E223-CF0E-016216BF0938}.Debug|Any CPU.Build.0 = Debug|Any CPU
		{04B8944C-A169-E223-CF0E-016216BF0938}.Release|Any CPU.ActiveCfg = Release|Any CPU
		{04B8944C-A169-E223-CF0E-016216BF0938}.Release|Any CPU.Build.0 = Release|Any CPU
		{C2E3EDBE-7346-401C-5285-DC20011EA496}.Debug|Any CPU.ActiveCfg = Debug|Any CPU
		{C2E3EDBE-7346-401C-5285-DC20011EA496}.Debug|Any CPU.Build.0 = Debug|Any CPU
		{C2E3EDBE-7346-401C-5285-DC20011EA496}.Release|Any CPU.ActiveCfg = Release|Any CPU
		{C2E3EDBE-7346-401C-5285-DC20011EA496}.Release|Any CPU.Build.0 = Release|Any CPU
		{6F0C7AF9-42DC-3A1C-FB5B-21CBA85AECE7}.Debug|Any CPU.ActiveCfg = Debug|Any CPU
		{6F0C7AF9-42DC-3A1C-FB5B-21CBA85AECE7}.Debug|Any CPU.Build.0 = Debug|Any CPU
		{6F0C7AF9-42DC-3A1C-FB5B-21CBA85AECE7}.Release|Any CPU.ActiveCfg = Release|Any CPU
		{6F0C7AF9-42DC-3A1C-FB5B-21CBA85AECE7}.Release|Any CPU.Build.0 = Release|Any CPU
		{49579BDA-FDC6-BFD0-E963-418F9D4454F0}.Debug|Any CPU.ActiveCfg = Debug|Any CPU
		{49579BDA-FDC6-BFD0-E963-418F9D4454F0}.Debug|Any CPU.Build.0 = Debug|Any CPU
		{49579BDA-FDC6-BFD0-E963-418F9D4454F0}.Release|Any CPU.ActiveCfg = Release|Any CPU
		{49579BDA-FDC6-BFD0-E963-418F9D4454F0}.Release|Any CPU.Build.0 = Release|Any CPU
		{6BB5023A-B5CF-73B6-77C4-BBB504E03FF5}.Debug|Any CPU.ActiveCfg = Debug|Any CPU
		{6BB5023A-B5CF-73B6-77C4-BBB504E03FF5}.Debug|Any CPU.Build.0 = Debug|Any CPU
		{6BB5023A-B5CF-73B6-77C4-BBB504E03FF5}.Release|Any CPU.ActiveCfg = Release|Any CPU
		{6BB5023A-B5CF-73B6-77C4-BBB504E03FF5}.Release|Any CPU.Build.0 = Release|Any CPU
		{285362F2-53A6-F254-D104-595C4BA40C44}.Debug|Any CPU.ActiveCfg = Debug|Any CPU
		{285362F2-53A6-F254-D104-595C4BA40C44}.Debug|Any CPU.Build.0 = Debug|Any CPU
		{285362F2-53A6-F254-D104-595C4BA40C44}.Release|Any CPU.ActiveCfg = Release|Any CPU
		{285362F2-53A6-F254-D104-595C4BA40C44}.Release|Any CPU.Build.0 = Release|Any CPU
		{D1472F2F-EFAF-1D5A-F526-3E1D42691716}.Debug|Any CPU.ActiveCfg = Debug|Any CPU
		{D1472F2F-EFAF-1D5A-F526-3E1D42691716}.Debug|Any CPU.Build.0 = Debug|Any CPU
		{D1472F2F-EFAF-1D5A-F526-3E1D42691716}.Release|Any CPU.ActiveCfg = Release|Any CPU
		{D1472F2F-EFAF-1D5A-F526-3E1D42691716}.Release|Any CPU.Build.0 = Release|Any CPU
		{7BDE07AD-322A-7344-233A-5C90F13C3828}.Debug|Any CPU.ActiveCfg = Debug|Any CPU
		{7BDE07AD-322A-7344-233A-5C90F13C3828}.Debug|Any CPU.Build.0 = Debug|Any CPU
		{7BDE07AD-322A-7344-233A-5C90F13C3828}.Release|Any CPU.ActiveCfg = Release|Any CPU
		{7BDE07AD-322A-7344-233A-5C90F13C3828}.Release|Any CPU.Build.0 = Release|Any CPU
		{D67AC257-65AD-C387-9156-164A413F7FE5}.Debug|Any CPU.ActiveCfg = Debug|Any CPU
		{D67AC257-65AD-C387-9156-164A413F7FE5}.Debug|Any CPU.Build.0 = Debug|Any CPU
		{D67AC257-65AD-C387-9156-164A413F7FE5}.Release|Any CPU.ActiveCfg = Release|Any CPU
		{D67AC257-65AD-C387-9156-164A413F7FE5}.Release|Any CPU.Build.0 = Release|Any CPU
		{1D01C9E6-3F65-CD56-4B51-EAE4DA5CE500}.Debug|Any CPU.ActiveCfg = Debug|Any CPU
		{1D01C9E6-3F65-CD56-4B51-EAE4DA5CE500}.Debug|Any CPU.Build.0 = Debug|Any CPU
		{1D01C9E6-3F65-CD56-4B51-EAE4DA5CE500}.Release|Any CPU.ActiveCfg = Release|Any CPU
		{1D01C9E6-3F65-CD56-4B51-EAE4DA5CE500}.Release|Any CPU.Build.0 = Release|Any CPU
		{C0073999-D144-7BA4-2AA1-527F4218FBB7}.Debug|Any CPU.ActiveCfg = Debug|Any CPU
		{C0073999-D144-7BA4-2AA1-527F4218FBB7}.Debug|Any CPU.Build.0 = Debug|Any CPU
		{C0073999-D144-7BA4-2AA1-527F4218FBB7}.Release|Any CPU.ActiveCfg = Release|Any CPU
		{C0073999-D144-7BA4-2AA1-527F4218FBB7}.Release|Any CPU.Build.0 = Release|Any CPU
		{BD37290C-7B64-2C95-8863-4C5DC166A8C1}.Debug|Any CPU.ActiveCfg = Debug|Any CPU
		{BD37290C-7B64-2C95-8863-4C5DC166A8C1}.Debug|Any CPU.Build.0 = Debug|Any CPU
		{BD37290C-7B64-2C95-8863-4C5DC166A8C1}.Release|Any CPU.ActiveCfg = Release|Any CPU
		{BD37290C-7B64-2C95-8863-4C5DC166A8C1}.Release|Any CPU.Build.0 = Release|Any CPU
		{462949C4-4E55-B245-F7C5-7CE1CC3D57A1}.Debug|Any CPU.ActiveCfg = Debug|Any CPU
		{462949C4-4E55-B245-F7C5-7CE1CC3D57A1}.Debug|Any CPU.Build.0 = Debug|Any CPU
		{462949C4-4E55-B245-F7C5-7CE1CC3D57A1}.Release|Any CPU.ActiveCfg = Release|Any CPU
		{462949C4-4E55-B245-F7C5-7CE1CC3D57A1}.Release|Any CPU.Build.0 = Release|Any CPU
		{2D83E50C-03BE-CA55-2E31-C3B4FABD839E}.Debug|Any CPU.ActiveCfg = Debug|Any CPU
		{2D83E50C-03BE-CA55-2E31-C3B4FABD839E}.Debug|Any CPU.Build.0 = Debug|Any CPU
		{2D83E50C-03BE-CA55-2E31-C3B4FABD839E}.Release|Any CPU.ActiveCfg = Release|Any CPU
		{2D83E50C-03BE-CA55-2E31-C3B4FABD839E}.Release|Any CPU.Build.0 = Release|Any CPU
		{281BA073-5490-3939-C235-243FA4302E22}.Debug|Any CPU.ActiveCfg = Debug|Any CPU
		{281BA073-5490-3939-C235-243FA4302E22}.Debug|Any CPU.Build.0 = Debug|Any CPU
		{281BA073-5490-3939-C235-243FA4302E22}.Release|Any CPU.ActiveCfg = Release|Any CPU
		{281BA073-5490-3939-C235-243FA4302E22}.Release|Any CPU.Build.0 = Release|Any CPU
		{A2043AA1-2A41-4A4E-A872-DD47BEA0A269}.Debug|Any CPU.ActiveCfg = Debug|Any CPU
		{A2043AA1-2A41-4A4E-A872-DD47BEA0A269}.Debug|Any CPU.Build.0 = Debug|Any CPU
		{A2043AA1-2A41-4A4E-A872-DD47BEA0A269}.Release|Any CPU.ActiveCfg = Release|Any CPU
		{A2043AA1-2A41-4A4E-A872-DD47BEA0A269}.Release|Any CPU.Build.0 = Release|Any CPU
		{55B7DA26-4EA9-5BE7-B652-D6B72CD0FF80}.Debug|Any CPU.ActiveCfg = Debug|Any CPU
		{55B7DA26-4EA9-5BE7-B652-D6B72CD0FF80}.Debug|Any CPU.Build.0 = Debug|Any CPU
		{55B7DA26-4EA9-5BE7-B652-D6B72CD0FF80}.Release|Any CPU.ActiveCfg = Release|Any CPU
		{55B7DA26-4EA9-5BE7-B652-D6B72CD0FF80}.Release|Any CPU.Build.0 = Release|Any CPU
		{0A35246D-221C-EF51-D18D-6571B527D46F}.Debug|Any CPU.ActiveCfg = Debug|Any CPU
		{0A35246D-221C-EF51-D18D-6571B527D46F}.Debug|Any CPU.Build.0 = Debug|Any CPU
		{0A35246D-221C-EF51-D18D-6571B527D46F}.Release|Any CPU.ActiveCfg = Release|Any CPU
		{0A35246D-221C-EF51-D18D-6571B527D46F}.Release|Any CPU.Build.0 = Release|Any CPU
		{0C299D92-FAB4-59A0-1F94-FEBD30725711}.Debug|Any CPU.ActiveCfg = Debug|Any CPU
		{0C299D92-FAB4-59A0-1F94-FEBD30725711}.Debug|Any CPU.Build.0 = Debug|Any CPU
		{0C299D92-FAB4-59A0-1F94-FEBD30725711}.Release|Any CPU.ActiveCfg = Release|Any CPU
		{0C299D92-FAB4-59A0-1F94-FEBD30725711}.Release|Any CPU.Build.0 = Release|Any CPU
		{754C4B68-4C7C-1C0E-4F91-1E4DAB75D604}.Debug|Any CPU.ActiveCfg = Debug|Any CPU
		{754C4B68-4C7C-1C0E-4F91-1E4DAB75D604}.Debug|Any CPU.Build.0 = Debug|Any CPU
		{754C4B68-4C7C-1C0E-4F91-1E4DAB75D604}.Release|Any CPU.ActiveCfg = Release|Any CPU
		{754C4B68-4C7C-1C0E-4F91-1E4DAB75D604}.Release|Any CPU.Build.0 = Release|Any CPU
		{6A9EB186-56C7-7B87-94FA-E77ECB22C0B2}.Debug|Any CPU.ActiveCfg = Debug|Any CPU
		{6A9EB186-56C7-7B87-94FA-E77ECB22C0B2}.Debug|Any CPU.Build.0 = Debug|Any CPU
		{6A9EB186-56C7-7B87-94FA-E77ECB22C0B2}.Release|Any CPU.ActiveCfg = Release|Any CPU
		{6A9EB186-56C7-7B87-94FA-E77ECB22C0B2}.Release|Any CPU.Build.0 = Release|Any CPU
		{01C869D2-28BD-022A-D853-B8CEF4BDFDCB}.Debug|Any CPU.ActiveCfg = Debug|Any CPU
		{01C869D2-28BD-022A-D853-B8CEF4BDFDCB}.Debug|Any CPU.Build.0 = Debug|Any CPU
		{01C869D2-28BD-022A-D853-B8CEF4BDFDCB}.Release|Any CPU.ActiveCfg = Release|Any CPU
		{01C869D2-28BD-022A-D853-B8CEF4BDFDCB}.Release|Any CPU.Build.0 = Release|Any CPU
		{CFA0C139-EDAF-44DD-7FF7-54F5CC72F613}.Debug|Any CPU.ActiveCfg = Debug|Any CPU
		{CFA0C139-EDAF-44DD-7FF7-54F5CC72F613}.Debug|Any CPU.Build.0 = Debug|Any CPU
		{CFA0C139-EDAF-44DD-7FF7-54F5CC72F613}.Release|Any CPU.ActiveCfg = Release|Any CPU
		{CFA0C139-EDAF-44DD-7FF7-54F5CC72F613}.Release|Any CPU.Build.0 = Release|Any CPU
		{FA62C848-57AE-9A2F-C615-788636D0BFF0}.Debug|Any CPU.ActiveCfg = Debug|Any CPU
		{FA62C848-57AE-9A2F-C615-788636D0BFF0}.Debug|Any CPU.Build.0 = Debug|Any CPU
		{FA62C848-57AE-9A2F-C615-788636D0BFF0}.Release|Any CPU.ActiveCfg = Release|Any CPU
		{FA62C848-57AE-9A2F-C615-788636D0BFF0}.Release|Any CPU.Build.0 = Release|Any CPU
		{4147197C-E514-A206-1A46-CE940961D716}.Debug|Any CPU.ActiveCfg = Debug|Any CPU
		{4147197C-E514-A206-1A46-CE940961D716}.Debug|Any CPU.Build.0 = Debug|Any CPU
		{4147197C-E514-A206-1A46-CE940961D716}.Release|Any CPU.ActiveCfg = Release|Any CPU
		{4147197C-E514-A206-1A46-CE940961D716}.Release|Any CPU.Build.0 = Release|Any CPU
		{615AF127-EAAD-1BAD-973A-A350C1D71587}.Debug|Any CPU.ActiveCfg = Debug|Any CPU
		{615AF127-EAAD-1BAD-973A-A350C1D71587}.Debug|Any CPU.Build.0 = Debug|Any CPU
		{615AF127-EAAD-1BAD-973A-A350C1D71587}.Release|Any CPU.ActiveCfg = Release|Any CPU
		{615AF127-EAAD-1BAD-973A-A350C1D71587}.Release|Any CPU.Build.0 = Release|Any CPU
	EndGlobalSection
	GlobalSection(SolutionProperties) = preSolution
		HideSolutionNode = FALSE
	EndGlobalSection
EndGlobal
