
Microsoft Visual Studio Solution File, Format Version 12.00
# Visual Studio 15
Project("{FAE04EC0-301F-11D3-BF4B-00C04F79EFBC}") = "Microsoft.MixedReality.Toolkit.SDK", "Microsoft.MixedReality.Toolkit.SDK.csproj", "{62B05558-63EB-B8EF-BB38-7A9092217CC2}"
EndProject
Project("{FAE04EC0-301F-11D3-BF4B-00C04F79EFBC}") = "Microsoft.MixedReality.Toolkit.Providers.OpenVR", "Microsoft.MixedReality.Toolkit.Providers.OpenVR.csproj", "{F6735425-703B-C0B4-4CCF-794DF1CA8911}"
EndProject
Project("{FAE04EC0-301F-11D3-BF4B-00C04F79EFBC}") = "Microsoft.MixedReality.Toolkit", "Microsoft.MixedReality.Toolkit.csproj", "{72ADCD66-E7B6-44FB-6537-664EEFD11085}"
EndProject
Project("{FAE04EC0-301F-11D3-BF4B-00C04F79EFBC}") = "Microsoft.MixedReality.Toolkit.Services.SpatialAwarenessSystem", "Microsoft.MixedReality.Toolkit.Services.SpatialAwarenessSystem.csproj", "{61162010-C149-4200-61BA-BCD2C8D864E2}"
EndProject
Project("{FAE04EC0-301F-11D3-BF4B-00C04F79EFBC}") = "Microsoft.MixedReality.Toolkit.Gltf", "Microsoft.MixedReality.Toolkit.Gltf.csproj", "{0D3A2642-F918-C290-348F-904A99785BB1}"
EndProject
Project("{FAE04EC0-301F-11D3-BF4B-00C04F79EFBC}") = "Microsoft.MixedReality.Toolkit.Services.SceneSystem", "Microsoft.MixedReality.Toolkit.Services.SceneSystem.csproj", "{2599A64E-375D-4FFF-8507-3C3D417E0D70}"
EndProject
Project("{FAE04EC0-301F-11D3-BF4B-00C04F79EFBC}") = "Microsoft.MixedReality.Toolkit.Services.InputSystem", "Microsoft.MixedReality.Toolkit.Services.InputSystem.csproj", "{DBE017A7-554A-0894-2F12-2F0254567E86}"
EndProject
Project("{FAE04EC0-301F-11D3-BF4B-00C04F79EFBC}") = "Microsoft.MixedReality.Toolkit.Providers.LeapMotion", "Microsoft.MixedReality.Toolkit.Providers.LeapMotion.csproj", "{08288D71-E4A2-39B1-6005-1E4B2473437F}"
EndProject
Project("{FAE04EC0-301F-11D3-BF4B-00C04F79EFBC}") = "Microsoft.MixedReality.Toolkit.Providers.XRSDK.WindowsMixedReality", "Microsoft.MixedReality.Toolkit.Providers.XRSDK.WindowsMixedReality.csproj", "{1D245463-320B-5D81-B356-314E8325CA70}"
EndProject
Project("{FAE04EC0-301F-11D3-BF4B-00C04F79EFBC}") = "Microsoft.MixedReality.Toolkit.Services.InputSimulation", "Microsoft.MixedReality.Toolkit.Services.InputSimulation.csproj", "{A8218EE2-BAFC-CF80-AB95-C9B74A6B4ED2}"
EndProject
Project("{FAE04EC0-301F-11D3-BF4B-00C04F79EFBC}") = "Microsoft.MixedReality.Toolkit.Providers.UnityAR", "Microsoft.MixedReality.Toolkit.Providers.UnityAR.csproj", "{9FE8F9BC-EF7C-40FD-85B5-98BDBCFF07E2}"
EndProject
Project("{FAE04EC0-301F-11D3-BF4B-00C04F79EFBC}") = "Microsoft.MixedReality.Toolkit.Services.InputAnimation", "Microsoft.MixedReality.Toolkit.Services.InputAnimation.csproj", "{1446C7A5-875F-70AF-2285-5FA1C25D34C2}"
EndProject
Project("{FAE04EC0-301F-11D3-BF4B-00C04F79EFBC}") = "Assembly-CSharp", "Assembly-CSharp.csproj", "{B12A7EEA-B1A0-36A9-9483-EB5DD211C39D}"
EndProject
Project("{FAE04EC0-301F-11D3-BF4B-00C04F79EFBC}") = "Microsoft.MixedReality.Toolkit.Providers.WindowsVoiceInput", "Microsoft.MixedReality.Toolkit.Providers.WindowsVoiceInput.csproj", "{F3955A53-B7A0-4014-7D01-99779E8D744C}"
EndProject
Project("{FAE04EC0-301F-11D3-BF4B-00C04F79EFBC}") = "Microsoft.MixedReality.Toolkit.Services.DiagnosticsSystem", "Microsoft.MixedReality.Toolkit.Services.DiagnosticsSystem.csproj", "{64BF52AE-6DDC-F147-EFA2-46CA8DEF8609}"
EndProject
Project("{FAE04EC0-301F-11D3-BF4B-00C04F79EFBC}") = "Microsoft.MixedReality.Toolkit.Async", "Microsoft.MixedReality.Toolkit.Async.csproj", "{FCA46DD2-86E7-81BD-FDED-A7B935BDBECE}"
EndProject
Project("{FAE04EC0-301F-11D3-BF4B-00C04F79EFBC}") = "Microsoft.MixedReality.Toolkit.Providers.WindowsMixedReality", "Microsoft.MixedReality.Toolkit.Providers.WindowsMixedReality.csproj", "{81818255-A402-7701-ADB3-73F4032E45A3}"
EndProject
Project("{FAE04EC0-301F-11D3-BF4B-00C04F79EFBC}") = "Microsoft.MixedReality.Toolkit.Providers.WindowsMixedReality.Shared", "Microsoft.MixedReality.Toolkit.Providers.WindowsMixedReality.Shared.csproj", "{7E77440F-C838-2736-63EC-449ED4AEDE0A}"
EndProject
Project("{FAE04EC0-301F-11D3-BF4B-00C04F79EFBC}") = "Microsoft.MixedReality.Toolkit.Services.TeleportSystem", "Microsoft.MixedReality.Toolkit.Services.TeleportSystem.csproj", "{83CBE4B9-6D0A-3C4A-8446-9232116C23EB}"
EndProject
Project("{FAE04EC0-301F-11D3-BF4B-00C04F79EFBC}") = "Microsoft.MixedReality.Toolkit.Providers.XRSDK", "Microsoft.MixedReality.Toolkit.Providers.XRSDK.csproj", "{A433BF61-9F78-FE96-2577-7B98FF14A604}"
EndProject
Project("{FAE04EC0-301F-11D3-BF4B-00C04F79EFBC}") = "Microsoft.MixedReality.Toolkit.Services.CameraSystem", "Microsoft.MixedReality.Toolkit.Services.CameraSystem.csproj", "{129BF19B-AAEE-60BA-0004-CA221823DF2B}"
EndProject
Project("{FAE04EC0-301F-11D3-BF4B-00C04F79EFBC}") = "Microsoft.MixedReality.Toolkit.Services.BoundarySystem", "Microsoft.MixedReality.Toolkit.Services.BoundarySystem.csproj", "{2F2B2E01-4DAB-2748-D791-35988DEF1077}"
EndProject
Project("{FAE04EC0-301F-11D3-BF4B-00C04F79EFBC}") = "Microsoft.MixedReality.Toolkit.SDK.Inspectors", "Microsoft.MixedReality.Toolkit.SDK.Inspectors.csproj", "{9D028560-4883-62E9-CF40-8486A1AB94B3}"
EndProject
Project("{FAE04EC0-301F-11D3-BF4B-00C04F79EFBC}") = "Microsoft.MixedReality.Toolkit.Editor.Inspectors", "Microsoft.MixedReality.Toolkit.Editor.Inspectors.csproj", "{01455B36-BF68-AF51-4A6D-053D6111E9F1}"
EndProject
Project("{FAE04EC0-301F-11D3-BF4B-00C04F79EFBC}") = "Microsoft.MixedReality.Toolkit.Editor.ServiceInspectors", "Microsoft.MixedReality.Toolkit.Editor.ServiceInspectors.csproj", "{92328E8C-5F6A-1019-FF9D-B581E794D1E1}"
EndProject
Project("{FAE04EC0-301F-11D3-BF4B-00C04F79EFBC}") = "Microsoft.MixedReality.Toolkit.SDK.Experimental.Inspectors", "Microsoft.MixedReality.Toolkit.SDK.Experimental.Inspectors.csproj", "{E6AAF82A-0D55-3188-AB45-72BC557259CF}"
EndProject
Project("{FAE04EC0-301F-11D3-BF4B-00C04F79EFBC}") = "Microsoft.MixedReality.Toolkit.Providers.XRSDK.WindowsMixedReality.Editor", "Microsoft.MixedReality.Toolkit.Providers.XRSDK.WindowsMixedReality.Editor.csproj", "{FBFB1BB8-D1DC-4D52-F8D7-48CCB3363620}"
EndProject
Project("{FAE04EC0-301F-11D3-BF4B-00C04F79EFBC}") = "Microsoft.MixedReality.Toolkit.Editor.Utilities", "Microsoft.MixedReality.Toolkit.Editor.Utilities.csproj", "{7EF5FE6D-49CF-2FB8-F975-7C8938056B74}"
EndProject
Project("{FAE04EC0-301F-11D3-BF4B-00C04F79EFBC}") = "Microsoft.MixedReality.Toolkit.Providers.ObjectMeshObserver", "Microsoft.MixedReality.Toolkit.Providers.ObjectMeshObserver.csproj", "{111E0F1B-ED45-EDED-AEA5-16543626C936}"
EndProject
Project("{FAE04EC0-301F-11D3-BF4B-00C04F79EFBC}") = "Microsoft.MixedReality.Toolkit.Editor.ClassExtensions", "Microsoft.MixedReality.Toolkit.Editor.ClassExtensions.csproj", "{53D271BF-660C-063E-AF29-4AA850180809}"
EndProject
Project("{FAE04EC0-301F-11D3-BF4B-00C04F79EFBC}") = "Microsoft.MixedReality.Toolkit.Gltf.Importers", "Microsoft.MixedReality.Toolkit.Gltf.Importers.csproj", "{31ABB361-B277-67B9-9475-5FE9EB9280A7}"
EndProject
Project("{FAE04EC0-301F-11D3-BF4B-00C04F79EFBC}") = "Microsoft.MixedReality.Toolkit.Providers.WindowsMixedReality.ConfigCheck", "Microsoft.MixedReality.Toolkit.Providers.WindowsMixedReality.ConfigCheck.csproj", "{3A326006-E518-79D7-84FD-98834C65A643}"
EndProject
Project("{FAE04EC0-301F-11D3-BF4B-00C04F79EFBC}") = "Microsoft.MixedReality.Toolkit.Providers.LeapMotion.Editor", "Microsoft.MixedReality.Toolkit.Providers.LeapMotion.Editor.csproj", "{69D39960-220F-146A-9277-FB4B07A9072F}"
EndProject
Project("{FAE04EC0-301F-11D3-BF4B-00C04F79EFBC}") = "Microsoft.MixedReality.Toolkit.Services.InputSimulation.Editor", "Microsoft.MixedReality.Toolkit.Services.InputSimulation.Editor.csproj", "{B4E73212-B3A7-9603-6484-5283B406E8A7}"
EndProject
Project("{FAE04EC0-301F-11D3-BF4B-00C04F79EFBC}") = "Microsoft.MixedReality.Toolkit.Editor.BuildAndDeploy", "Microsoft.MixedReality.Toolkit.Editor.BuildAndDeploy.csproj", "{820894A8-3667-B6B3-F4CF-415A8D4590A3}"
EndProject
Project("{FAE04EC0-301F-11D3-BF4B-00C04F79EFBC}") = "Microsoft.MixedReality.Toolkit.Providers.LeapMotion.ConfigurationChecker", "Microsoft.MixedReality.Toolkit.Providers.LeapMotion.ConfigurationChecker.csproj", "{01EA3C10-5592-D3BF-29BB-D9AC2A60A98B}"
EndProject
Project("{FAE04EC0-301F-11D3-BF4B-00C04F79EFBC}") = "Microsoft.MixedReality.Toolkit.Providers.UnityAR.ConfigCheck", "Microsoft.MixedReality.Toolkit.Providers.UnityAR.ConfigCheck.csproj", "{8B5A6056-30FA-EFC9-25BD-7C9815D0CE9B}"
EndProject
Project("{FAE04EC0-301F-11D3-BF4B-00C04F79EFBC}") = "Microsoft.MixedReality.Toolkit.Providers.XRSDK.ConfigCheck", "Microsoft.MixedReality.Toolkit.Providers.XRSDK.ConfigCheck.csproj", "{57D97915-FA9F-E21C-6741-7A8672F8FBCD}"
EndProject
Project("{FAE04EC0-301F-11D3-BF4B-00C04F79EFBC}") = "Microsoft.MixedReality.Toolkit.Providers.UnityAR.Editor", "Microsoft.MixedReality.Toolkit.Providers.UnityAR.Editor.csproj", "{1C4A10D0-BDDA-30FB-B1D4-A169225BE1FA}"
EndProject
Project("{FAE04EC0-301F-11D3-BF4B-00C04F79EFBC}") = "Microsoft.MixedReality.Toolkit.Providers.WindowsMixedReality.Editor", "Microsoft.MixedReality.Toolkit.Providers.WindowsMixedReality.Editor.csproj", "{FD43E4C4-E07F-3B15-2AE1-4CA2E5617F36}"
EndProject
Project("{FAE04EC0-301F-11D3-BF4B-00C04F79EFBC}") = "Microsoft.MixedReality.Toolkit.Services.InputSystem.Editor", "Microsoft.MixedReality.Toolkit.Services.InputSystem.Editor.csproj", "{74DA6C49-7098-92E2-D59C-FEB43D27D7C4}"
EndProject
Project("{FAE04EC0-301F-11D3-BF4B-00C04F79EFBC}") = "Microsoft.Windows.MixedReality.DotNetWinRT.Editor", "Microsoft.Windows.MixedReality.DotNetWinRT.Editor.csproj", "{88528A2D-C25F-7D4A-6BB9-F95FB7C53309}"
EndProject
Global
	GlobalSection(SolutionConfigurationPlatforms) = preSolution
		Debug|Any CPU = Debug|Any CPU
		Release|Any CPU = Release|Any CPU
	EndGlobalSection
	GlobalSection(ProjectConfigurationPlatforms) = postSolution
		{62B05558-63EB-B8EF-BB38-7A9092217CC2}.Debug|Any CPU.ActiveCfg = Debug|Any CPU
		{62B05558-63EB-B8EF-BB38-7A9092217CC2}.Debug|Any CPU.Build.0 = Debug|Any CPU
		{62B05558-63EB-B8EF-BB38-7A9092217CC2}.Release|Any CPU.ActiveCfg = Release|Any CPU
		{62B05558-63EB-B8EF-BB38-7A9092217CC2}.Release|Any CPU.Build.0 = Release|Any CPU
		{F6735425-703B-C0B4-4CCF-794DF1CA8911}.Debug|Any CPU.ActiveCfg = Debug|Any CPU
		{F6735425-703B-C0B4-4CCF-794DF1CA8911}.Debug|Any CPU.Build.0 = Debug|Any CPU
		{F6735425-703B-C0B4-4CCF-794DF1CA8911}.Release|Any CPU.ActiveCfg = Release|Any CPU
		{F6735425-703B-C0B4-4CCF-794DF1CA8911}.Release|Any CPU.Build.0 = Release|Any CPU
		{72ADCD66-E7B6-44FB-6537-664EEFD11085}.Debug|Any CPU.ActiveCfg = Debug|Any CPU
		{72ADCD66-E7B6-44FB-6537-664EEFD11085}.Debug|Any CPU.Build.0 = Debug|Any CPU
		{72ADCD66-E7B6-44FB-6537-664EEFD11085}.Release|Any CPU.ActiveCfg = Release|Any CPU
		{72ADCD66-E7B6-44FB-6537-664EEFD11085}.Release|Any CPU.Build.0 = Release|Any CPU
		{61162010-C149-4200-61BA-BCD2C8D864E2}.Debug|Any CPU.ActiveCfg = Debug|Any CPU
		{61162010-C149-4200-61BA-BCD2C8D864E2}.Debug|Any CPU.Build.0 = Debug|Any CPU
		{61162010-C149-4200-61BA-BCD2C8D864E2}.Release|Any CPU.ActiveCfg = Release|Any CPU
		{61162010-C149-4200-61BA-BCD2C8D864E2}.Release|Any CPU.Build.0 = Release|Any CPU
		{0D3A2642-F918-C290-348F-904A99785BB1}.Debug|Any CPU.ActiveCfg = Debug|Any CPU
		{0D3A2642-F918-C290-348F-904A99785BB1}.Debug|Any CPU.Build.0 = Debug|Any CPU
		{0D3A2642-F918-C290-348F-904A99785BB1}.Release|Any CPU.ActiveCfg = Release|Any CPU
		{0D3A2642-F918-C290-348F-904A99785BB1}.Release|Any CPU.Build.0 = Release|Any CPU
		{2599A64E-375D-4FFF-8507-3C3D417E0D70}.Debug|Any CPU.ActiveCfg = Debug|Any CPU
		{2599A64E-375D-4FFF-8507-3C3D417E0D70}.Debug|Any CPU.Build.0 = Debug|Any CPU
		{2599A64E-375D-4FFF-8507-3C3D417E0D70}.Release|Any CPU.ActiveCfg = Release|Any CPU
		{2599A64E-375D-4FFF-8507-3C3D417E0D70}.Release|Any CPU.Build.0 = Release|Any CPU
		{DBE017A7-554A-0894-2F12-2F0254567E86}.Debug|Any CPU.ActiveCfg = Debug|Any CPU
		{DBE017A7-554A-0894-2F12-2F0254567E86}.Debug|Any CPU.Build.0 = Debug|Any CPU
		{DBE017A7-554A-0894-2F12-2F0254567E86}.Release|Any CPU.ActiveCfg = Release|Any CPU
		{DBE017A7-554A-0894-2F12-2F0254567E86}.Release|Any CPU.Build.0 = Release|Any CPU
		{08288D71-E4A2-39B1-6005-1E4B2473437F}.Debug|Any CPU.ActiveCfg = Debug|Any CPU
		{08288D71-E4A2-39B1-6005-1E4B2473437F}.Debug|Any CPU.Build.0 = Debug|Any CPU
		{08288D71-E4A2-39B1-6005-1E4B2473437F}.Release|Any CPU.ActiveCfg = Release|Any CPU
		{08288D71-E4A2-39B1-6005-1E4B2473437F}.Release|Any CPU.Build.0 = Release|Any CPU
		{1D245463-320B-5D81-B356-314E8325CA70}.Debug|Any CPU.ActiveCfg = Debug|Any CPU
		{1D245463-320B-5D81-B356-314E8325CA70}.Debug|Any CPU.Build.0 = Debug|Any CPU
		{1D245463-320B-5D81-B356-314E8325CA70}.Release|Any CPU.ActiveCfg = Release|Any CPU
		{1D245463-320B-5D81-B356-314E8325CA70}.Release|Any CPU.Build.0 = Release|Any CPU
		{A8218EE2-BAFC-CF80-AB95-C9B74A6B4ED2}.Debug|Any CPU.ActiveCfg = Debug|Any CPU
		{A8218EE2-BAFC-CF80-AB95-C9B74A6B4ED2}.Debug|Any CPU.Build.0 = Debug|Any CPU
		{A8218EE2-BAFC-CF80-AB95-C9B74A6B4ED2}.Release|Any CPU.ActiveCfg = Release|Any CPU
		{A8218EE2-BAFC-CF80-AB95-C9B74A6B4ED2}.Release|Any CPU.Build.0 = Release|Any CPU
		{9FE8F9BC-EF7C-40FD-85B5-98BDBCFF07E2}.Debug|Any CPU.ActiveCfg = Debug|Any CPU
		{9FE8F9BC-EF7C-40FD-85B5-98BDBCFF07E2}.Debug|Any CPU.Build.0 = Debug|Any CPU
		{9FE8F9BC-EF7C-40FD-85B5-98BDBCFF07E2}.Release|Any CPU.ActiveCfg = Release|Any CPU
		{9FE8F9BC-EF7C-40FD-85B5-98BDBCFF07E2}.Release|Any CPU.Build.0 = Release|Any CPU
		{1446C7A5-875F-70AF-2285-5FA1C25D34C2}.Debug|Any CPU.ActiveCfg = Debug|Any CPU
		{1446C7A5-875F-70AF-2285-5FA1C25D34C2}.Debug|Any CPU.Build.0 = Debug|Any CPU
		{1446C7A5-875F-70AF-2285-5FA1C25D34C2}.Release|Any CPU.ActiveCfg = Release|Any CPU
		{1446C7A5-875F-70AF-2285-5FA1C25D34C2}.Release|Any CPU.Build.0 = Release|Any CPU
		{B12A7EEA-B1A0-36A9-9483-EB5DD211C39D}.Debug|Any CPU.ActiveCfg = Debug|Any CPU
		{B12A7EEA-B1A0-36A9-9483-EB5DD211C39D}.Debug|Any CPU.Build.0 = Debug|Any CPU
		{B12A7EEA-B1A0-36A9-9483-EB5DD211C39D}.Release|Any CPU.ActiveCfg = Release|Any CPU
		{B12A7EEA-B1A0-36A9-9483-EB5DD211C39D}.Release|Any CPU.Build.0 = Release|Any CPU
		{F3955A53-B7A0-4014-7D01-99779E8D744C}.Debug|Any CPU.ActiveCfg = Debug|Any CPU
		{F3955A53-B7A0-4014-7D01-99779E8D744C}.Debug|Any CPU.Build.0 = Debug|Any CPU
		{F3955A53-B7A0-4014-7D01-99779E8D744C}.Release|Any CPU.ActiveCfg = Release|Any CPU
		{F3955A53-B7A0-4014-7D01-99779E8D744C}.Release|Any CPU.Build.0 = Release|Any CPU
		{64BF52AE-6DDC-F147-EFA2-46CA8DEF8609}.Debug|Any CPU.ActiveCfg = Debug|Any CPU
		{64BF52AE-6DDC-F147-EFA2-46CA8DEF8609}.Debug|Any CPU.Build.0 = Debug|Any CPU
		{64BF52AE-6DDC-F147-EFA2-46CA8DEF8609}.Release|Any CPU.ActiveCfg = Release|Any CPU
		{64BF52AE-6DDC-F147-EFA2-46CA8DEF8609}.Release|Any CPU.Build.0 = Release|Any CPU
		{FCA46DD2-86E7-81BD-FDED-A7B935BDBECE}.Debug|Any CPU.ActiveCfg = Debug|Any CPU
		{FCA46DD2-86E7-81BD-FDED-A7B935BDBECE}.Debug|Any CPU.Build.0 = Debug|Any CPU
		{FCA46DD2-86E7-81BD-FDED-A7B935BDBECE}.Release|Any CPU.ActiveCfg = Release|Any CPU
		{FCA46DD2-86E7-81BD-FDED-A7B935BDBECE}.Release|Any CPU.Build.0 = Release|Any CPU
		{81818255-A402-7701-ADB3-73F4032E45A3}.Debug|Any CPU.ActiveCfg = Debug|Any CPU
		{81818255-A402-7701-ADB3-73F4032E45A3}.Debug|Any CPU.Build.0 = Debug|Any CPU
		{81818255-A402-7701-ADB3-73F4032E45A3}.Release|Any CPU.ActiveCfg = Release|Any CPU
		{81818255-A402-7701-ADB3-73F4032E45A3}.Release|Any CPU.Build.0 = Release|Any CPU
		{7E77440F-C838-2736-63EC-449ED4AEDE0A}.Debug|Any CPU.ActiveCfg = Debug|Any CPU
		{7E77440F-C838-2736-63EC-449ED4AEDE0A}.Debug|Any CPU.Build.0 = Debug|Any CPU
		{7E77440F-C838-2736-63EC-449ED4AEDE0A}.Release|Any CPU.ActiveCfg = Release|Any CPU
		{7E77440F-C838-2736-63EC-449ED4AEDE0A}.Release|Any CPU.Build.0 = Release|Any CPU
		{83CBE4B9-6D0A-3C4A-8446-9232116C23EB}.Debug|Any CPU.ActiveCfg = Debug|Any CPU
		{83CBE4B9-6D0A-3C4A-8446-9232116C23EB}.Debug|Any CPU.Build.0 = Debug|Any CPU
		{83CBE4B9-6D0A-3C4A-8446-9232116C23EB}.Release|Any CPU.ActiveCfg = Release|Any CPU
		{83CBE4B9-6D0A-3C4A-8446-9232116C23EB}.Release|Any CPU.Build.0 = Release|Any CPU
		{A433BF61-9F78-FE96-2577-7B98FF14A604}.Debug|Any CPU.ActiveCfg = Debug|Any CPU
		{A433BF61-9F78-FE96-2577-7B98FF14A604}.Debug|Any CPU.Build.0 = Debug|Any CPU
		{A433BF61-9F78-FE96-2577-7B98FF14A604}.Release|Any CPU.ActiveCfg = Release|Any CPU
		{A433BF61-9F78-FE96-2577-7B98FF14A604}.Release|Any CPU.Build.0 = Release|Any CPU
		{129BF19B-AAEE-60BA-0004-CA221823DF2B}.Debug|Any CPU.ActiveCfg = Debug|Any CPU
		{129BF19B-AAEE-60BA-0004-CA221823DF2B}.Debug|Any CPU.Build.0 = Debug|Any CPU
		{129BF19B-AAEE-60BA-0004-CA221823DF2B}.Release|Any CPU.ActiveCfg = Release|Any CPU
		{129BF19B-AAEE-60BA-0004-CA221823DF2B}.Release|Any CPU.Build.0 = Release|Any CPU
		{2F2B2E01-4DAB-2748-D791-35988DEF1077}.Debug|Any CPU.ActiveCfg = Debug|Any CPU
		{2F2B2E01-4DAB-2748-D791-35988DEF1077}.Debug|Any CPU.Build.0 = Debug|Any CPU
		{2F2B2E01-4DAB-2748-D791-35988DEF1077}.Release|Any CPU.ActiveCfg = Release|Any CPU
		{2F2B2E01-4DAB-2748-D791-35988DEF1077}.Release|Any CPU.Build.0 = Release|Any CPU
		{9D028560-4883-62E9-CF40-8486A1AB94B3}.Debug|Any CPU.ActiveCfg = Debug|Any CPU
		{9D028560-4883-62E9-CF40-8486A1AB94B3}.Debug|Any CPU.Build.0 = Debug|Any CPU
		{9D028560-4883-62E9-CF40-8486A1AB94B3}.Release|Any CPU.ActiveCfg = Release|Any CPU
		{9D028560-4883-62E9-CF40-8486A1AB94B3}.Release|Any CPU.Build.0 = Release|Any CPU
		{01455B36-BF68-AF51-4A6D-053D6111E9F1}.Debug|Any CPU.ActiveCfg = Debug|Any CPU
		{01455B36-BF68-AF51-4A6D-053D6111E9F1}.Debug|Any CPU.Build.0 = Debug|Any CPU
		{01455B36-BF68-AF51-4A6D-053D6111E9F1}.Release|Any CPU.ActiveCfg = Release|Any CPU
		{01455B36-BF68-AF51-4A6D-053D6111E9F1}.Release|Any CPU.Build.0 = Release|Any CPU
		{92328E8C-5F6A-1019-FF9D-B581E794D1E1}.Debug|Any CPU.ActiveCfg = Debug|Any CPU
		{92328E8C-5F6A-1019-FF9D-B581E794D1E1}.Debug|Any CPU.Build.0 = Debug|Any CPU
		{92328E8C-5F6A-1019-FF9D-B581E794D1E1}.Release|Any CPU.ActiveCfg = Release|Any CPU
		{92328E8C-5F6A-1019-FF9D-B581E794D1E1}.Release|Any CPU.Build.0 = Release|Any CPU
		{E6AAF82A-0D55-3188-AB45-72BC557259CF}.Debug|Any CPU.ActiveCfg = Debug|Any CPU
		{E6AAF82A-0D55-3188-AB45-72BC557259CF}.Debug|Any CPU.Build.0 = Debug|Any CPU
		{E6AAF82A-0D55-3188-AB45-72BC557259CF}.Release|Any CPU.ActiveCfg = Release|Any CPU
		{E6AAF82A-0D55-3188-AB45-72BC557259CF}.Release|Any CPU.Build.0 = Release|Any CPU
		{FBFB1BB8-D1DC-4D52-F8D7-48CCB3363620}.Debug|Any CPU.ActiveCfg = Debug|Any CPU
		{FBFB1BB8-D1DC-4D52-F8D7-48CCB3363620}.Debug|Any CPU.Build.0 = Debug|Any CPU
		{FBFB1BB8-D1DC-4D52-F8D7-48CCB3363620}.Release|Any CPU.ActiveCfg = Release|Any CPU
		{FBFB1BB8-D1DC-4D52-F8D7-48CCB3363620}.Release|Any CPU.Build.0 = Release|Any CPU
		{7EF5FE6D-49CF-2FB8-F975-7C8938056B74}.Debug|Any CPU.ActiveCfg = Debug|Any CPU
		{7EF5FE6D-49CF-2FB8-F975-7C8938056B74}.Debug|Any CPU.Build.0 = Debug|Any CPU
		{7EF5FE6D-49CF-2FB8-F975-7C8938056B74}.Release|Any CPU.ActiveCfg = Release|Any CPU
		{7EF5FE6D-49CF-2FB8-F975-7C8938056B74}.Release|Any CPU.Build.0 = Release|Any CPU
		{111E0F1B-ED45-EDED-AEA5-16543626C936}.Debug|Any CPU.ActiveCfg = Debug|Any CPU
		{111E0F1B-ED45-EDED-AEA5-16543626C936}.Debug|Any CPU.Build.0 = Debug|Any CPU
		{111E0F1B-ED45-EDED-AEA5-16543626C936}.Release|Any CPU.ActiveCfg = Release|Any CPU
		{111E0F1B-ED45-EDED-AEA5-16543626C936}.Release|Any CPU.Build.0 = Release|Any CPU
		{53D271BF-660C-063E-AF29-4AA850180809}.Debug|Any CPU.ActiveCfg = Debug|Any CPU
		{53D271BF-660C-063E-AF29-4AA850180809}.Debug|Any CPU.Build.0 = Debug|Any CPU
		{53D271BF-660C-063E-AF29-4AA850180809}.Release|Any CPU.ActiveCfg = Release|Any CPU
		{53D271BF-660C-063E-AF29-4AA850180809}.Release|Any CPU.Build.0 = Release|Any CPU
		{31ABB361-B277-67B9-9475-5FE9EB9280A7}.Debug|Any CPU.ActiveCfg = Debug|Any CPU
		{31ABB361-B277-67B9-9475-5FE9EB9280A7}.Debug|Any CPU.Build.0 = Debug|Any CPU
		{31ABB361-B277-67B9-9475-5FE9EB9280A7}.Release|Any CPU.ActiveCfg = Release|Any CPU
		{31ABB361-B277-67B9-9475-5FE9EB9280A7}.Release|Any CPU.Build.0 = Release|Any CPU
		{3A326006-E518-79D7-84FD-98834C65A643}.Debug|Any CPU.ActiveCfg = Debug|Any CPU
		{3A326006-E518-79D7-84FD-98834C65A643}.Debug|Any CPU.Build.0 = Debug|Any CPU
		{3A326006-E518-79D7-84FD-98834C65A643}.Release|Any CPU.ActiveCfg = Release|Any CPU
		{3A326006-E518-79D7-84FD-98834C65A643}.Release|Any CPU.Build.0 = Release|Any CPU
		{69D39960-220F-146A-9277-FB4B07A9072F}.Debug|Any CPU.ActiveCfg = Debug|Any CPU
		{69D39960-220F-146A-9277-FB4B07A9072F}.Debug|Any CPU.Build.0 = Debug|Any CPU
		{69D39960-220F-146A-9277-FB4B07A9072F}.Release|Any CPU.ActiveCfg = Release|Any CPU
		{69D39960-220F-146A-9277-FB4B07A9072F}.Release|Any CPU.Build.0 = Release|Any CPU
		{B4E73212-B3A7-9603-6484-5283B406E8A7}.Debug|Any CPU.ActiveCfg = Debug|Any CPU
		{B4E73212-B3A7-9603-6484-5283B406E8A7}.Debug|Any CPU.Build.0 = Debug|Any CPU
		{B4E73212-B3A7-9603-6484-5283B406E8A7}.Release|Any CPU.ActiveCfg = Release|Any CPU
		{B4E73212-B3A7-9603-6484-5283B406E8A7}.Release|Any CPU.Build.0 = Release|Any CPU
		{820894A8-3667-B6B3-F4CF-415A8D4590A3}.Debug|Any CPU.ActiveCfg = Debug|Any CPU
		{820894A8-3667-B6B3-F4CF-415A8D4590A3}.Debug|Any CPU.Build.0 = Debug|Any CPU
		{820894A8-3667-B6B3-F4CF-415A8D4590A3}.Release|Any CPU.ActiveCfg = Release|Any CPU
		{820894A8-3667-B6B3-F4CF-415A8D4590A3}.Release|Any CPU.Build.0 = Release|Any CPU
		{01EA3C10-5592-D3BF-29BB-D9AC2A60A98B}.Debug|Any CPU.ActiveCfg = Debug|Any CPU
		{01EA3C10-5592-D3BF-29BB-D9AC2A60A98B}.Debug|Any CPU.Build.0 = Debug|Any CPU
		{01EA3C10-5592-D3BF-29BB-D9AC2A60A98B}.Release|Any CPU.ActiveCfg = Release|Any CPU
		{01EA3C10-5592-D3BF-29BB-D9AC2A60A98B}.Release|Any CPU.Build.0 = Release|Any CPU
		{8B5A6056-30FA-EFC9-25BD-7C9815D0CE9B}.Debug|Any CPU.ActiveCfg = Debug|Any CPU
		{8B5A6056-30FA-EFC9-25BD-7C9815D0CE9B}.Debug|Any CPU.Build.0 = Debug|Any CPU
		{8B5A6056-30FA-EFC9-25BD-7C9815D0CE9B}.Release|Any CPU.ActiveCfg = Release|Any CPU
		{8B5A6056-30FA-EFC9-25BD-7C9815D0CE9B}.Release|Any CPU.Build.0 = Release|Any CPU
		{57D97915-FA9F-E21C-6741-7A8672F8FBCD}.Debug|Any CPU.ActiveCfg = Debug|Any CPU
		{57D97915-FA9F-E21C-6741-7A8672F8FBCD}.Debug|Any CPU.Build.0 = Debug|Any CPU
		{57D97915-FA9F-E21C-6741-7A8672F8FBCD}.Release|Any CPU.ActiveCfg = Release|Any CPU
		{57D97915-FA9F-E21C-6741-7A8672F8FBCD}.Release|Any CPU.Build.0 = Release|Any CPU
		{1C4A10D0-BDDA-30FB-B1D4-A169225BE1FA}.Debug|Any CPU.ActiveCfg = Debug|Any CPU
		{1C4A10D0-BDDA-30FB-B1D4-A169225BE1FA}.Debug|Any CPU.Build.0 = Debug|Any CPU
		{1C4A10D0-BDDA-30FB-B1D4-A169225BE1FA}.Release|Any CPU.ActiveCfg = Release|Any CPU
		{1C4A10D0-BDDA-30FB-B1D4-A169225BE1FA}.Release|Any CPU.Build.0 = Release|Any CPU
		{FD43E4C4-E07F-3B15-2AE1-4CA2E5617F36}.Debug|Any CPU.ActiveCfg = Debug|Any CPU
		{FD43E4C4-E07F-3B15-2AE1-4CA2E5617F36}.Debug|Any CPU.Build.0 = Debug|Any CPU
		{FD43E4C4-E07F-3B15-2AE1-4CA2E5617F36}.Release|Any CPU.ActiveCfg = Release|Any CPU
		{FD43E4C4-E07F-3B15-2AE1-4CA2E5617F36}.Release|Any CPU.Build.0 = Release|Any CPU
		{74DA6C49-7098-92E2-D59C-FEB43D27D7C4}.Debug|Any CPU.ActiveCfg = Debug|Any CPU
		{74DA6C49-7098-92E2-D59C-FEB43D27D7C4}.Debug|Any CPU.Build.0 = Debug|Any CPU
		{74DA6C49-7098-92E2-D59C-FEB43D27D7C4}.Release|Any CPU.ActiveCfg = Release|Any CPU
		{74DA6C49-7098-92E2-D59C-FEB43D27D7C4}.Release|Any CPU.Build.0 = Release|Any CPU
		{88528A2D-C25F-7D4A-6BB9-F95FB7C53309}.Debug|Any CPU.ActiveCfg = Debug|Any CPU
		{88528A2D-C25F-7D4A-6BB9-F95FB7C53309}.Debug|Any CPU.Build.0 = Debug|Any CPU
		{88528A2D-C25F-7D4A-6BB9-F95FB7C53309}.Release|Any CPU.ActiveCfg = Release|Any CPU
		{88528A2D-C25F-7D4A-6BB9-F95FB7C53309}.Release|Any CPU.Build.0 = Release|Any CPU
	EndGlobalSection
	GlobalSection(SolutionProperties) = preSolution
		HideSolutionNode = FALSE
	EndGlobalSection
EndGlobal
