
Microsoft Visual Studio Solution File, Format Version 12.00
# Visual Studio 15
Project("{FAE04EC0-301F-11D3-BF4B-00C04F79EFBC}") = "Microsoft.MixedReality.Toolkit.SDK", "Microsoft.MixedReality.Toolkit.SDK.csproj", "{E6DAA0A2-8025-E292-5F7D-439540D64405}"
EndProject
Project("{FAE04EC0-301F-11D3-BF4B-00C04F79EFBC}") = "Microsoft.MixedReality.Toolkit.Providers.OpenVR", "Microsoft.MixedReality.Toolkit.Providers.OpenVR.csproj", "{44F78F15-D36F-8ADB-5A97-45C5D569FC69}"
EndProject
Project("{FAE04EC0-301F-11D3-BF4B-00C04F79EFBC}") = "Microsoft.MixedReality.Toolkit", "Microsoft.MixedReality.Toolkit.csproj", "{4BB23223-03CE-ECFF-D52C-8B9ACC36E4A5}"
EndProject
Project("{FAE04EC0-301F-11D3-BF4B-00C04F79EFBC}") = "Microsoft.MixedReality.Toolkit.Services.SpatialAwarenessSystem", "Microsoft.MixedReality.Toolkit.Services.SpatialAwarenessSystem.csproj", "{8CF663B2-52E4-DBDA-6570-218A296BF8C1}"
EndProject
Project("{FAE04EC0-301F-11D3-BF4B-00C04F79EFBC}") = "Microsoft.MixedReality.Toolkit.Gltf", "Microsoft.MixedReality.Toolkit.Gltf.csproj", "{E2BDABDF-1A40-4776-409D-AC24C853CDFD}"
EndProject
Project("{FAE04EC0-301F-11D3-BF4B-00C04F79EFBC}") = "Microsoft.MixedReality.Toolkit.Services.SceneSystem", "Microsoft.MixedReality.Toolkit.Services.SceneSystem.csproj", "{9327D722-B551-71FB-851C-6ED469C15294}"
EndProject
Project("{FAE04EC0-301F-11D3-BF4B-00C04F79EFBC}") = "Microsoft.MixedReality.Toolkit.Services.InputSystem", "Microsoft.MixedReality.Toolkit.Services.InputSystem.csproj", "{4CC4D121-EE14-62D4-CB8A-3AC01C8F78A4}"
EndProject
Project("{FAE04EC0-301F-11D3-BF4B-00C04F79EFBC}") = "Microsoft.MixedReality.Toolkit.Providers.LeapMotion", "Microsoft.MixedReality.Toolkit.Providers.LeapMotion.csproj", "{C6114451-0370-2544-EFF8-26D35EB271F9}"
EndProject
Project("{FAE04EC0-301F-11D3-BF4B-00C04F79EFBC}") = "Microsoft.MixedReality.Toolkit.Providers.XRSDK.WindowsMixedReality", "Microsoft.MixedReality.Toolkit.Providers.XRSDK.WindowsMixedReality.csproj", "{60452E60-26FF-66B3-A3CD-AB603F92094D}"
EndProject
Project("{FAE04EC0-301F-11D3-BF4B-00C04F79EFBC}") = "Microsoft.MixedReality.Toolkit.Services.InputSimulation", "Microsoft.MixedReality.Toolkit.Services.InputSimulation.csproj", "{FC1C39E6-4ABB-130D-EC67-5BF17628DFD5}"
EndProject
Project("{FAE04EC0-301F-11D3-BF4B-00C04F79EFBC}") = "Microsoft.MixedReality.Toolkit.Providers.UnityAR", "Microsoft.MixedReality.Toolkit.Providers.UnityAR.csproj", "{DA35025A-6BF2-9A63-9AA5-E1116D90DEA0}"
EndProject
Project("{FAE04EC0-301F-11D3-BF4B-00C04F79EFBC}") = "Microsoft.MixedReality.Toolkit.Services.InputAnimation", "Microsoft.MixedReality.Toolkit.Services.InputAnimation.csproj", "{5B36E33C-4F0C-A0F5-9C56-3E3DF16EEE99}"
EndProject
Project("{FAE04EC0-301F-11D3-BF4B-00C04F79EFBC}") = "Assembly-CSharp", "Assembly-CSharp.csproj", "{BE9D84D3-8AE2-6186-A5A4-663F6B46A268}"
EndProject
Project("{FAE04EC0-301F-11D3-BF4B-00C04F79EFBC}") = "Microsoft.MixedReality.Toolkit.Providers.WindowsVoiceInput", "Microsoft.MixedReality.Toolkit.Providers.WindowsVoiceInput.csproj", "{10419F22-B2BD-E7F7-85B4-B5063B731322}"
EndProject
Project("{FAE04EC0-301F-11D3-BF4B-00C04F79EFBC}") = "Microsoft.MixedReality.Toolkit.Services.DiagnosticsSystem", "Microsoft.MixedReality.Toolkit.Services.DiagnosticsSystem.csproj", "{D3919771-F567-1336-1A97-1231F3A1ECB2}"
EndProject
Project("{FAE04EC0-301F-11D3-BF4B-00C04F79EFBC}") = "Microsoft.MixedReality.Toolkit.Async", "Microsoft.MixedReality.Toolkit.Async.csproj", "{492BEC21-2868-8B52-C5F4-4B82272A1008}"
EndProject
Project("{FAE04EC0-301F-11D3-BF4B-00C04F79EFBC}") = "Microsoft.MixedReality.Toolkit.Providers.WindowsMixedReality", "Microsoft.MixedReality.Toolkit.Providers.WindowsMixedReality.csproj", "{0ED5FE27-6037-0D10-98D6-33A383D64503}"
EndProject
Project("{FAE04EC0-301F-11D3-BF4B-00C04F79EFBC}") = "Microsoft.MixedReality.Toolkit.Providers.WindowsMixedReality.Shared", "Microsoft.MixedReality.Toolkit.Providers.WindowsMixedReality.Shared.csproj", "{ABC5CDDE-93AC-DEAA-1DDF-B08F8736DD68}"
EndProject
Project("{FAE04EC0-301F-11D3-BF4B-00C04F79EFBC}") = "Microsoft.MixedReality.Toolkit.Services.TeleportSystem", "Microsoft.MixedReality.Toolkit.Services.TeleportSystem.csproj", "{1AB78A03-9D6C-96F2-8BEC-3D6541A359BE}"
EndProject
Project("{FAE04EC0-301F-11D3-BF4B-00C04F79EFBC}") = "Microsoft.MixedReality.Toolkit.Providers.XRSDK", "Microsoft.MixedReality.Toolkit.Providers.XRSDK.csproj", "{7DE251DC-A93E-09AB-EF4B-2F0E895B8D01}"
EndProject
Project("{FAE04EC0-301F-11D3-BF4B-00C04F79EFBC}") = "Microsoft.MixedReality.Toolkit.Services.CameraSystem", "Microsoft.MixedReality.Toolkit.Services.CameraSystem.csproj", "{25C263F4-932B-A5F6-B9CC-588AD0C9E953}"
EndProject
Project("{FAE04EC0-301F-11D3-BF4B-00C04F79EFBC}") = "Microsoft.MixedReality.Toolkit.Services.BoundarySystem", "Microsoft.MixedReality.Toolkit.Services.BoundarySystem.csproj", "{471E60FD-C438-9E52-0CA1-B2DA83F8A04D}"
EndProject
Project("{FAE04EC0-301F-11D3-BF4B-00C04F79EFBC}") = "Microsoft.MixedReality.Toolkit.SDK.Inspectors", "Microsoft.MixedReality.Toolkit.SDK.Inspectors.csproj", "{F04DF691-7DA6-0489-8088-ABE4AF565B42}"
EndProject
Project("{FAE04EC0-301F-11D3-BF4B-00C04F79EFBC}") = "Microsoft.MixedReality.Toolkit.Editor.Inspectors", "Microsoft.MixedReality.Toolkit.Editor.Inspectors.csproj", "{845F48DC-322D-EF6C-034C-5ED1A9B1003B}"
EndProject
Project("{FAE04EC0-301F-11D3-BF4B-00C04F79EFBC}") = "Microsoft.MixedReality.Toolkit.Editor.ServiceInspectors", "Microsoft.MixedReality.Toolkit.Editor.ServiceInspectors.csproj", "{A1452F38-A147-AB4D-ECCC-3B0A9913311D}"
EndProject
Project("{FAE04EC0-301F-11D3-BF4B-00C04F79EFBC}") = "Microsoft.MixedReality.Toolkit.SDK.Experimental.Inspectors", "Microsoft.MixedReality.Toolkit.SDK.Experimental.Inspectors.csproj", "{FFCBB91B-EF87-0EA0-59D2-160378A400FE}"
EndProject
Project("{FAE04EC0-301F-11D3-BF4B-00C04F79EFBC}") = "Microsoft.MixedReality.Toolkit.Providers.XRSDK.WindowsMixedReality.Editor", "Microsoft.MixedReality.Toolkit.Providers.XRSDK.WindowsMixedReality.Editor.csproj", "{10D802CD-0477-51B8-3EBB-72317412089C}"
EndProject
Project("{FAE04EC0-301F-11D3-BF4B-00C04F79EFBC}") = "Microsoft.MixedReality.Toolkit.Editor.Utilities", "Microsoft.MixedReality.Toolkit.Editor.Utilities.csproj", "{2725703C-F72F-ADA2-A814-5C2090338A14}"
EndProject
Project("{FAE04EC0-301F-11D3-BF4B-00C04F79EFBC}") = "Microsoft.MixedReality.Toolkit.Providers.ObjectMeshObserver", "Microsoft.MixedReality.Toolkit.Providers.ObjectMeshObserver.csproj", "{D4779FAB-9745-79E1-792A-999DADA28793}"
EndProject
Project("{FAE04EC0-301F-11D3-BF4B-00C04F79EFBC}") = "Microsoft.MixedReality.Toolkit.Editor.ClassExtensions", "Microsoft.MixedReality.Toolkit.Editor.ClassExtensions.csproj", "{A40D6242-2C52-B985-7140-8423C3DA79CA}"
EndProject
Project("{FAE04EC0-301F-11D3-BF4B-00C04F79EFBC}") = "Microsoft.MixedReality.Toolkit.Gltf.Importers", "Microsoft.MixedReality.Toolkit.Gltf.Importers.csproj", "{B1B0A029-1331-5A36-2BD6-C54D96A7FFAF}"
EndProject
Project("{FAE04EC0-301F-11D3-BF4B-00C04F79EFBC}") = "Microsoft.MixedReality.Toolkit.Providers.WindowsMixedReality.ConfigCheck", "Microsoft.MixedReality.Toolkit.Providers.WindowsMixedReality.ConfigCheck.csproj", "{13633EA0-881F-FB02-0064-4541F42EE9A2}"
EndProject
Project("{FAE04EC0-301F-11D3-BF4B-00C04F79EFBC}") = "Microsoft.MixedReality.Toolkit.Providers.LeapMotion.Editor", "Microsoft.MixedReality.Toolkit.Providers.LeapMotion.Editor.csproj", "{87D93333-96CA-0BCD-4C09-81970FC97DAF}"
EndProject
Project("{FAE04EC0-301F-11D3-BF4B-00C04F79EFBC}") = "Microsoft.MixedReality.Toolkit.Services.InputSimulation.Editor", "Microsoft.MixedReality.Toolkit.Services.InputSimulation.Editor.csproj", "{A98446FE-DB38-2B8F-3188-91B072F71C11}"
EndProject
Project("{FAE04EC0-301F-11D3-BF4B-00C04F79EFBC}") = "Microsoft.MixedReality.Toolkit.Editor.BuildAndDeploy", "Microsoft.MixedReality.Toolkit.Editor.BuildAndDeploy.csproj", "{56F682D6-29BA-C06A-0F57-2ECA99E5C249}"
EndProject
Project("{FAE04EC0-301F-11D3-BF4B-00C04F79EFBC}") = "Microsoft.MixedReality.Toolkit.Providers.LeapMotion.ConfigurationChecker", "Microsoft.MixedReality.Toolkit.Providers.LeapMotion.ConfigurationChecker.csproj", "{FD01195A-5E70-6833-177D-100A5B4DE75E}"
EndProject
Project("{FAE04EC0-301F-11D3-BF4B-00C04F79EFBC}") = "Microsoft.MixedReality.Toolkit.Providers.UnityAR.ConfigCheck", "Microsoft.MixedReality.Toolkit.Providers.UnityAR.ConfigCheck.csproj", "{281D8041-2579-4175-2C7A-AF5F0D7E58D2}"
EndProject
Project("{FAE04EC0-301F-11D3-BF4B-00C04F79EFBC}") = "Microsoft.MixedReality.Toolkit.Providers.XRSDK.ConfigCheck", "Microsoft.MixedReality.Toolkit.Providers.XRSDK.ConfigCheck.csproj", "{3A965407-441B-501F-527C-3F1E161EA5E6}"
EndProject
Project("{FAE04EC0-301F-11D3-BF4B-00C04F79EFBC}") = "Microsoft.MixedReality.Toolkit.Providers.UnityAR.Editor", "Microsoft.MixedReality.Toolkit.Providers.UnityAR.Editor.csproj", "{385CC12C-52E6-A21F-3E99-FDB1E4E9451D}"
EndProject
Project("{FAE04EC0-301F-11D3-BF4B-00C04F79EFBC}") = "Microsoft.MixedReality.Toolkit.Providers.WindowsMixedReality.Editor", "Microsoft.MixedReality.Toolkit.Providers.WindowsMixedReality.Editor.csproj", "{AFE945E1-E0A1-96EF-A72C-C0372BDBBE70}"
EndProject
Project("{FAE04EC0-301F-11D3-BF4B-00C04F79EFBC}") = "Microsoft.MixedReality.Toolkit.Services.InputSystem.Editor", "Microsoft.MixedReality.Toolkit.Services.InputSystem.Editor.csproj", "{08770AAD-7DBF-65D1-39A3-7173E8702994}"
EndProject
Project("{FAE04EC0-301F-11D3-BF4B-00C04F79EFBC}") = "Microsoft.Windows.MixedReality.DotNetWinRT.Editor", "Microsoft.Windows.MixedReality.DotNetWinRT.Editor.csproj", "{7CF778C4-7936-5773-09B3-6F2A91130EC0}"
EndProject
Global
	GlobalSection(SolutionConfigurationPlatforms) = preSolution
		Debug|Any CPU = Debug|Any CPU
		Release|Any CPU = Release|Any CPU
	EndGlobalSection
	GlobalSection(ProjectConfigurationPlatforms) = postSolution
		{E6DAA0A2-8025-E292-5F7D-439540D64405}.Debug|Any CPU.ActiveCfg = Debug|Any CPU
		{E6DAA0A2-8025-E292-5F7D-439540D64405}.Debug|Any CPU.Build.0 = Debug|Any CPU
		{E6DAA0A2-8025-E292-5F7D-439540D64405}.Release|Any CPU.ActiveCfg = Release|Any CPU
		{E6DAA0A2-8025-E292-5F7D-439540D64405}.Release|Any CPU.Build.0 = Release|Any CPU
		{44F78F15-D36F-8ADB-5A97-45C5D569FC69}.Debug|Any CPU.ActiveCfg = Debug|Any CPU
		{44F78F15-D36F-8ADB-5A97-45C5D569FC69}.Debug|Any CPU.Build.0 = Debug|Any CPU
		{44F78F15-D36F-8ADB-5A97-45C5D569FC69}.Release|Any CPU.ActiveCfg = Release|Any CPU
		{44F78F15-D36F-8ADB-5A97-45C5D569FC69}.Release|Any CPU.Build.0 = Release|Any CPU
		{4BB23223-03CE-ECFF-D52C-8B9ACC36E4A5}.Debug|Any CPU.ActiveCfg = Debug|Any CPU
		{4BB23223-03CE-ECFF-D52C-8B9ACC36E4A5}.Debug|Any CPU.Build.0 = Debug|Any CPU
		{4BB23223-03CE-ECFF-D52C-8B9ACC36E4A5}.Release|Any CPU.ActiveCfg = Release|Any CPU
		{4BB23223-03CE-ECFF-D52C-8B9ACC36E4A5}.Release|Any CPU.Build.0 = Release|Any CPU
		{8CF663B2-52E4-DBDA-6570-218A296BF8C1}.Debug|Any CPU.ActiveCfg = Debug|Any CPU
		{8CF663B2-52E4-DBDA-6570-218A296BF8C1}.Debug|Any CPU.Build.0 = Debug|Any CPU
		{8CF663B2-52E4-DBDA-6570-218A296BF8C1}.Release|Any CPU.ActiveCfg = Release|Any CPU
		{8CF663B2-52E4-DBDA-6570-218A296BF8C1}.Release|Any CPU.Build.0 = Release|Any CPU
		{E2BDABDF-1A40-4776-409D-AC24C853CDFD}.Debug|Any CPU.ActiveCfg = Debug|Any CPU
		{E2BDABDF-1A40-4776-409D-AC24C853CDFD}.Debug|Any CPU.Build.0 = Debug|Any CPU
		{E2BDABDF-1A40-4776-409D-AC24C853CDFD}.Release|Any CPU.ActiveCfg = Release|Any CPU
		{E2BDABDF-1A40-4776-409D-AC24C853CDFD}.Release|Any CPU.Build.0 = Release|Any CPU
		{9327D722-B551-71FB-851C-6ED469C15294}.Debug|Any CPU.ActiveCfg = Debug|Any CPU
		{9327D722-B551-71FB-851C-6ED469C15294}.Debug|Any CPU.Build.0 = Debug|Any CPU
		{9327D722-B551-71FB-851C-6ED469C15294}.Release|Any CPU.ActiveCfg = Release|Any CPU
		{9327D722-B551-71FB-851C-6ED469C15294}.Release|Any CPU.Build.0 = Release|Any CPU
		{4CC4D121-EE14-62D4-CB8A-3AC01C8F78A4}.Debug|Any CPU.ActiveCfg = Debug|Any CPU
		{4CC4D121-EE14-62D4-CB8A-3AC01C8F78A4}.Debug|Any CPU.Build.0 = Debug|Any CPU
		{4CC4D121-EE14-62D4-CB8A-3AC01C8F78A4}.Release|Any CPU.ActiveCfg = Release|Any CPU
		{4CC4D121-EE14-62D4-CB8A-3AC01C8F78A4}.Release|Any CPU.Build.0 = Release|Any CPU
		{C6114451-0370-2544-EFF8-26D35EB271F9}.Debug|Any CPU.ActiveCfg = Debug|Any CPU
		{C6114451-0370-2544-EFF8-26D35EB271F9}.Debug|Any CPU.Build.0 = Debug|Any CPU
		{C6114451-0370-2544-EFF8-26D35EB271F9}.Release|Any CPU.ActiveCfg = Release|Any CPU
		{C6114451-0370-2544-EFF8-26D35EB271F9}.Release|Any CPU.Build.0 = Release|Any CPU
		{60452E60-26FF-66B3-A3CD-AB603F92094D}.Debug|Any CPU.ActiveCfg = Debug|Any CPU
		{60452E60-26FF-66B3-A3CD-AB603F92094D}.Debug|Any CPU.Build.0 = Debug|Any CPU
		{60452E60-26FF-66B3-A3CD-AB603F92094D}.Release|Any CPU.ActiveCfg = Release|Any CPU
		{60452E60-26FF-66B3-A3CD-AB603F92094D}.Release|Any CPU.Build.0 = Release|Any CPU
		{FC1C39E6-4ABB-130D-EC67-5BF17628DFD5}.Debug|Any CPU.ActiveCfg = Debug|Any CPU
		{FC1C39E6-4ABB-130D-EC67-5BF17628DFD5}.Debug|Any CPU.Build.0 = Debug|Any CPU
		{FC1C39E6-4ABB-130D-EC67-5BF17628DFD5}.Release|Any CPU.ActiveCfg = Release|Any CPU
		{FC1C39E6-4ABB-130D-EC67-5BF17628DFD5}.Release|Any CPU.Build.0 = Release|Any CPU
		{DA35025A-6BF2-9A63-9AA5-E1116D90DEA0}.Debug|Any CPU.ActiveCfg = Debug|Any CPU
		{DA35025A-6BF2-9A63-9AA5-E1116D90DEA0}.Debug|Any CPU.Build.0 = Debug|Any CPU
		{DA35025A-6BF2-9A63-9AA5-E1116D90DEA0}.Release|Any CPU.ActiveCfg = Release|Any CPU
		{DA35025A-6BF2-9A63-9AA5-E1116D90DEA0}.Release|Any CPU.Build.0 = Release|Any CPU
		{5B36E33C-4F0C-A0F5-9C56-3E3DF16EEE99}.Debug|Any CPU.ActiveCfg = Debug|Any CPU
		{5B36E33C-4F0C-A0F5-9C56-3E3DF16EEE99}.Debug|Any CPU.Build.0 = Debug|Any CPU
		{5B36E33C-4F0C-A0F5-9C56-3E3DF16EEE99}.Release|Any CPU.ActiveCfg = Release|Any CPU
		{5B36E33C-4F0C-A0F5-9C56-3E3DF16EEE99}.Release|Any CPU.Build.0 = Release|Any CPU
		{BE9D84D3-8AE2-6186-A5A4-663F6B46A268}.Debug|Any CPU.ActiveCfg = Debug|Any CPU
		{BE9D84D3-8AE2-6186-A5A4-663F6B46A268}.Debug|Any CPU.Build.0 = Debug|Any CPU
		{BE9D84D3-8AE2-6186-A5A4-663F6B46A268}.Release|Any CPU.ActiveCfg = Release|Any CPU
		{BE9D84D3-8AE2-6186-A5A4-663F6B46A268}.Release|Any CPU.Build.0 = Release|Any CPU
		{10419F22-B2BD-E7F7-85B4-B5063B731322}.Debug|Any CPU.ActiveCfg = Debug|Any CPU
		{10419F22-B2BD-E7F7-85B4-B5063B731322}.Debug|Any CPU.Build.0 = Debug|Any CPU
		{10419F22-B2BD-E7F7-85B4-B5063B731322}.Release|Any CPU.ActiveCfg = Release|Any CPU
		{10419F22-B2BD-E7F7-85B4-B5063B731322}.Release|Any CPU.Build.0 = Release|Any CPU
		{D3919771-F567-1336-1A97-1231F3A1ECB2}.Debug|Any CPU.ActiveCfg = Debug|Any CPU
		{D3919771-F567-1336-1A97-1231F3A1ECB2}.Debug|Any CPU.Build.0 = Debug|Any CPU
		{D3919771-F567-1336-1A97-1231F3A1ECB2}.Release|Any CPU.ActiveCfg = Release|Any CPU
		{D3919771-F567-1336-1A97-1231F3A1ECB2}.Release|Any CPU.Build.0 = Release|Any CPU
		{492BEC21-2868-8B52-C5F4-4B82272A1008}.Debug|Any CPU.ActiveCfg = Debug|Any CPU
		{492BEC21-2868-8B52-C5F4-4B82272A1008}.Debug|Any CPU.Build.0 = Debug|Any CPU
		{492BEC21-2868-8B52-C5F4-4B82272A1008}.Release|Any CPU.ActiveCfg = Release|Any CPU
		{492BEC21-2868-8B52-C5F4-4B82272A1008}.Release|Any CPU.Build.0 = Release|Any CPU
		{0ED5FE27-6037-0D10-98D6-33A383D64503}.Debug|Any CPU.ActiveCfg = Debug|Any CPU
		{0ED5FE27-6037-0D10-98D6-33A383D64503}.Debug|Any CPU.Build.0 = Debug|Any CPU
		{0ED5FE27-6037-0D10-98D6-33A383D64503}.Release|Any CPU.ActiveCfg = Release|Any CPU
		{0ED5FE27-6037-0D10-98D6-33A383D64503}.Release|Any CPU.Build.0 = Release|Any CPU
		{ABC5CDDE-93AC-DEAA-1DDF-B08F8736DD68}.Debug|Any CPU.ActiveCfg = Debug|Any CPU
		{ABC5CDDE-93AC-DEAA-1DDF-B08F8736DD68}.Debug|Any CPU.Build.0 = Debug|Any CPU
		{ABC5CDDE-93AC-DEAA-1DDF-B08F8736DD68}.Release|Any CPU.ActiveCfg = Release|Any CPU
		{ABC5CDDE-93AC-DEAA-1DDF-B08F8736DD68}.Release|Any CPU.Build.0 = Release|Any CPU
		{1AB78A03-9D6C-96F2-8BEC-3D6541A359BE}.Debug|Any CPU.ActiveCfg = Debug|Any CPU
		{1AB78A03-9D6C-96F2-8BEC-3D6541A359BE}.Debug|Any CPU.Build.0 = Debug|Any CPU
		{1AB78A03-9D6C-96F2-8BEC-3D6541A359BE}.Release|Any CPU.ActiveCfg = Release|Any CPU
		{1AB78A03-9D6C-96F2-8BEC-3D6541A359BE}.Release|Any CPU.Build.0 = Release|Any CPU
		{7DE251DC-A93E-09AB-EF4B-2F0E895B8D01}.Debug|Any CPU.ActiveCfg = Debug|Any CPU
		{7DE251DC-A93E-09AB-EF4B-2F0E895B8D01}.Debug|Any CPU.Build.0 = Debug|Any CPU
		{7DE251DC-A93E-09AB-EF4B-2F0E895B8D01}.Release|Any CPU.ActiveCfg = Release|Any CPU
		{7DE251DC-A93E-09AB-EF4B-2F0E895B8D01}.Release|Any CPU.Build.0 = Release|Any CPU
		{25C263F4-932B-A5F6-B9CC-588AD0C9E953}.Debug|Any CPU.ActiveCfg = Debug|Any CPU
		{25C263F4-932B-A5F6-B9CC-588AD0C9E953}.Debug|Any CPU.Build.0 = Debug|Any CPU
		{25C263F4-932B-A5F6-B9CC-588AD0C9E953}.Release|Any CPU.ActiveCfg = Release|Any CPU
		{25C263F4-932B-A5F6-B9CC-588AD0C9E953}.Release|Any CPU.Build.0 = Release|Any CPU
		{471E60FD-C438-9E52-0CA1-B2DA83F8A04D}.Debug|Any CPU.ActiveCfg = Debug|Any CPU
		{471E60FD-C438-9E52-0CA1-B2DA83F8A04D}.Debug|Any CPU.Build.0 = Debug|Any CPU
		{471E60FD-C438-9E52-0CA1-B2DA83F8A04D}.Release|Any CPU.ActiveCfg = Release|Any CPU
		{471E60FD-C438-9E52-0CA1-B2DA83F8A04D}.Release|Any CPU.Build.0 = Release|Any CPU
		{F04DF691-7DA6-0489-8088-ABE4AF565B42}.Debug|Any CPU.ActiveCfg = Debug|Any CPU
		{F04DF691-7DA6-0489-8088-ABE4AF565B42}.Debug|Any CPU.Build.0 = Debug|Any CPU
		{F04DF691-7DA6-0489-8088-ABE4AF565B42}.Release|Any CPU.ActiveCfg = Release|Any CPU
		{F04DF691-7DA6-0489-8088-ABE4AF565B42}.Release|Any CPU.Build.0 = Release|Any CPU
		{845F48DC-322D-EF6C-034C-5ED1A9B1003B}.Debug|Any CPU.ActiveCfg = Debug|Any CPU
		{845F48DC-322D-EF6C-034C-5ED1A9B1003B}.Debug|Any CPU.Build.0 = Debug|Any CPU
		{845F48DC-322D-EF6C-034C-5ED1A9B1003B}.Release|Any CPU.ActiveCfg = Release|Any CPU
		{845F48DC-322D-EF6C-034C-5ED1A9B1003B}.Release|Any CPU.Build.0 = Release|Any CPU
		{A1452F38-A147-AB4D-ECCC-3B0A9913311D}.Debug|Any CPU.ActiveCfg = Debug|Any CPU
		{A1452F38-A147-AB4D-ECCC-3B0A9913311D}.Debug|Any CPU.Build.0 = Debug|Any CPU
		{A1452F38-A147-AB4D-ECCC-3B0A9913311D}.Release|Any CPU.ActiveCfg = Release|Any CPU
		{A1452F38-A147-AB4D-ECCC-3B0A9913311D}.Release|Any CPU.Build.0 = Release|Any CPU
		{FFCBB91B-EF87-0EA0-59D2-160378A400FE}.Debug|Any CPU.ActiveCfg = Debug|Any CPU
		{FFCBB91B-EF87-0EA0-59D2-160378A400FE}.Debug|Any CPU.Build.0 = Debug|Any CPU
		{FFCBB91B-EF87-0EA0-59D2-160378A400FE}.Release|Any CPU.ActiveCfg = Release|Any CPU
		{FFCBB91B-EF87-0EA0-59D2-160378A400FE}.Release|Any CPU.Build.0 = Release|Any CPU
		{10D802CD-0477-51B8-3EBB-72317412089C}.Debug|Any CPU.ActiveCfg = Debug|Any CPU
		{10D802CD-0477-51B8-3EBB-72317412089C}.Debug|Any CPU.Build.0 = Debug|Any CPU
		{10D802CD-0477-51B8-3EBB-72317412089C}.Release|Any CPU.ActiveCfg = Release|Any CPU
		{10D802CD-0477-51B8-3EBB-72317412089C}.Release|Any CPU.Build.0 = Release|Any CPU
		{2725703C-F72F-ADA2-A814-5C2090338A14}.Debug|Any CPU.ActiveCfg = Debug|Any CPU
		{2725703C-F72F-ADA2-A814-5C2090338A14}.Debug|Any CPU.Build.0 = Debug|Any CPU
		{2725703C-F72F-ADA2-A814-5C2090338A14}.Release|Any CPU.ActiveCfg = Release|Any CPU
		{2725703C-F72F-ADA2-A814-5C2090338A14}.Release|Any CPU.Build.0 = Release|Any CPU
		{D4779FAB-9745-79E1-792A-999DADA28793}.Debug|Any CPU.ActiveCfg = Debug|Any CPU
		{D4779FAB-9745-79E1-792A-999DADA28793}.Debug|Any CPU.Build.0 = Debug|Any CPU
		{D4779FAB-9745-79E1-792A-999DADA28793}.Release|Any CPU.ActiveCfg = Release|Any CPU
		{D4779FAB-9745-79E1-792A-999DADA28793}.Release|Any CPU.Build.0 = Release|Any CPU
		{A40D6242-2C52-B985-7140-8423C3DA79CA}.Debug|Any CPU.ActiveCfg = Debug|Any CPU
		{A40D6242-2C52-B985-7140-8423C3DA79CA}.Debug|Any CPU.Build.0 = Debug|Any CPU
		{A40D6242-2C52-B985-7140-8423C3DA79CA}.Release|Any CPU.ActiveCfg = Release|Any CPU
		{A40D6242-2C52-B985-7140-8423C3DA79CA}.Release|Any CPU.Build.0 = Release|Any CPU
		{B1B0A029-1331-5A36-2BD6-C54D96A7FFAF}.Debug|Any CPU.ActiveCfg = Debug|Any CPU
		{B1B0A029-1331-5A36-2BD6-C54D96A7FFAF}.Debug|Any CPU.Build.0 = Debug|Any CPU
		{B1B0A029-1331-5A36-2BD6-C54D96A7FFAF}.Release|Any CPU.ActiveCfg = Release|Any CPU
		{B1B0A029-1331-5A36-2BD6-C54D96A7FFAF}.Release|Any CPU.Build.0 = Release|Any CPU
		{13633EA0-881F-FB02-0064-4541F42EE9A2}.Debug|Any CPU.ActiveCfg = Debug|Any CPU
		{13633EA0-881F-FB02-0064-4541F42EE9A2}.Debug|Any CPU.Build.0 = Debug|Any CPU
		{13633EA0-881F-FB02-0064-4541F42EE9A2}.Release|Any CPU.ActiveCfg = Release|Any CPU
		{13633EA0-881F-FB02-0064-4541F42EE9A2}.Release|Any CPU.Build.0 = Release|Any CPU
		{87D93333-96CA-0BCD-4C09-81970FC97DAF}.Debug|Any CPU.ActiveCfg = Debug|Any CPU
		{87D93333-96CA-0BCD-4C09-81970FC97DAF}.Debug|Any CPU.Build.0 = Debug|Any CPU
		{87D93333-96CA-0BCD-4C09-81970FC97DAF}.Release|Any CPU.ActiveCfg = Release|Any CPU
		{87D93333-96CA-0BCD-4C09-81970FC97DAF}.Release|Any CPU.Build.0 = Release|Any CPU
		{A98446FE-DB38-2B8F-3188-91B072F71C11}.Debug|Any CPU.ActiveCfg = Debug|Any CPU
		{A98446FE-DB38-2B8F-3188-91B072F71C11}.Debug|Any CPU.Build.0 = Debug|Any CPU
		{A98446FE-DB38-2B8F-3188-91B072F71C11}.Release|Any CPU.ActiveCfg = Release|Any CPU
		{A98446FE-DB38-2B8F-3188-91B072F71C11}.Release|Any CPU.Build.0 = Release|Any CPU
		{56F682D6-29BA-C06A-0F57-2ECA99E5C249}.Debug|Any CPU.ActiveCfg = Debug|Any CPU
		{56F682D6-29BA-C06A-0F57-2ECA99E5C249}.Debug|Any CPU.Build.0 = Debug|Any CPU
		{56F682D6-29BA-C06A-0F57-2ECA99E5C249}.Release|Any CPU.ActiveCfg = Release|Any CPU
		{56F682D6-29BA-C06A-0F57-2ECA99E5C249}.Release|Any CPU.Build.0 = Release|Any CPU
		{FD01195A-5E70-6833-177D-100A5B4DE75E}.Debug|Any CPU.ActiveCfg = Debug|Any CPU
		{FD01195A-5E70-6833-177D-100A5B4DE75E}.Debug|Any CPU.Build.0 = Debug|Any CPU
		{FD01195A-5E70-6833-177D-100A5B4DE75E}.Release|Any CPU.ActiveCfg = Release|Any CPU
		{FD01195A-5E70-6833-177D-100A5B4DE75E}.Release|Any CPU.Build.0 = Release|Any CPU
		{281D8041-2579-4175-2C7A-AF5F0D7E58D2}.Debug|Any CPU.ActiveCfg = Debug|Any CPU
		{281D8041-2579-4175-2C7A-AF5F0D7E58D2}.Debug|Any CPU.Build.0 = Debug|Any CPU
		{281D8041-2579-4175-2C7A-AF5F0D7E58D2}.Release|Any CPU.ActiveCfg = Release|Any CPU
		{281D8041-2579-4175-2C7A-AF5F0D7E58D2}.Release|Any CPU.Build.0 = Release|Any CPU
		{3A965407-441B-501F-527C-3F1E161EA5E6}.Debug|Any CPU.ActiveCfg = Debug|Any CPU
		{3A965407-441B-501F-527C-3F1E161EA5E6}.Debug|Any CPU.Build.0 = Debug|Any CPU
		{3A965407-441B-501F-527C-3F1E161EA5E6}.Release|Any CPU.ActiveCfg = Release|Any CPU
		{3A965407-441B-501F-527C-3F1E161EA5E6}.Release|Any CPU.Build.0 = Release|Any CPU
		{385CC12C-52E6-A21F-3E99-FDB1E4E9451D}.Debug|Any CPU.ActiveCfg = Debug|Any CPU
		{385CC12C-52E6-A21F-3E99-FDB1E4E9451D}.Debug|Any CPU.Build.0 = Debug|Any CPU
		{385CC12C-52E6-A21F-3E99-FDB1E4E9451D}.Release|Any CPU.ActiveCfg = Release|Any CPU
		{385CC12C-52E6-A21F-3E99-FDB1E4E9451D}.Release|Any CPU.Build.0 = Release|Any CPU
		{AFE945E1-E0A1-96EF-A72C-C0372BDBBE70}.Debug|Any CPU.ActiveCfg = Debug|Any CPU
		{AFE945E1-E0A1-96EF-A72C-C0372BDBBE70}.Debug|Any CPU.Build.0 = Debug|Any CPU
		{AFE945E1-E0A1-96EF-A72C-C0372BDBBE70}.Release|Any CPU.ActiveCfg = Release|Any CPU
		{AFE945E1-E0A1-96EF-A72C-C0372BDBBE70}.Release|Any CPU.Build.0 = Release|Any CPU
		{08770AAD-7DBF-65D1-39A3-7173E8702994}.Debug|Any CPU.ActiveCfg = Debug|Any CPU
		{08770AAD-7DBF-65D1-39A3-7173E8702994}.Debug|Any CPU.Build.0 = Debug|Any CPU
		{08770AAD-7DBF-65D1-39A3-7173E8702994}.Release|Any CPU.ActiveCfg = Release|Any CPU
		{08770AAD-7DBF-65D1-39A3-7173E8702994}.Release|Any CPU.Build.0 = Release|Any CPU
		{7CF778C4-7936-5773-09B3-6F2A91130EC0}.Debug|Any CPU.ActiveCfg = Debug|Any CPU
		{7CF778C4-7936-5773-09B3-6F2A91130EC0}.Debug|Any CPU.Build.0 = Debug|Any CPU
		{7CF778C4-7936-5773-09B3-6F2A91130EC0}.Release|Any CPU.ActiveCfg = Release|Any CPU
		{7CF778C4-7936-5773-09B3-6F2A91130EC0}.Release|Any CPU.Build.0 = Release|Any CPU
	EndGlobalSection
	GlobalSection(SolutionProperties) = preSolution
		HideSolutionNode = FALSE
	EndGlobalSection
EndGlobal
